{
  "lockfileVersion": 1,
  "configVersion": 0,
  "workspaces": {
    "": {
      "dependencies": {
        "@codingame/monaco-vscode-all-language-default-extensions": "36.0.0",
        "@codingame/monaco-vscode-api": "36.0.0",
        "@codingame/monaco-vscode-languages-service-override": "36.0.0",
        "@codingame/monaco-vscode-standalone-css-language-features": "36.0.0",
        "@codingame/monaco-vscode-standalone-html-language-features": "36.0.0",
        "@codingame/monaco-vscode-standalone-json-language-features": "36.0.0",
        "@codingame/monaco-vscode-standalone-typescript-language-features": "36.0.0",
        "@codingame/monaco-vscode-textmate-service-override": "36.0.0",
        "@codingame/monaco-vscode-theme-defaults-default-extension": "36.0.0",
        "@codingame/monaco-vscode-theme-service-override": "36.0.0",
        "monaco-editor": "npm:@codingame/monaco-vscode-editor-api@36.0.0",
      },
      "devDependencies": {
        "vite": "^8.0.0",
      },
    },
  },
  "packages": {
    "@codingame/monaco-vscode-all-language-default-extensions": ["@codingame/monaco-vscode-all-language-default-extensions@36.0.0", "", { "dependencies": { "@codingame/monaco-vscode-bat-default-extension": "36.0.0", "@codingame/monaco-vscode-clojure-default-extension": "36.0.0", "@codingame/monaco-vscode-coffeescript-default-extension": "36.0.0", "@codingame/monaco-vscode-configuration-editing-default-extension": "36.0.0", "@codingame/monaco-vscode-cpp-default-extension": "36.0.0", "@codingame/monaco-vscode-csharp-default-extension": "36.0.0", "@codingame/monaco-vscode-css-default-extension": "36.0.0", "@codingame/monaco-vscode-dart-default-extension": "36.0.0", "@codingame/monaco-vscode-diff-default-extension": "36.0.0", "@codingame/monaco-vscode-docker-default-extension": "36.0.0", "@codingame/monaco-vscode-dotenv-default-extension": "36.0.0", "@codingame/monaco-vscode-extension-editing-default-extension": "36.0.0", "@codingame/monaco-vscode-fsharp-default-extension": "36.0.0", "@codingame/monaco-vscode-git-base-default-extension": "36.0.0", "@codingame/monaco-vscode-go-default-extension": "36.0.0", "@codingame/monaco-vscode-groovy-default-extension": "36.0.0", "@codingame/monaco-vscode-handlebars-default-extension": "36.0.0", "@codingame/monaco-vscode-hlsl-default-extension": "36.0.0", "@codingame/monaco-vscode-html-default-extension": "36.0.0", "@codingame/monaco-vscode-ini-default-extension": "36.0.0", "@codingame/monaco-vscode-java-default-extension": "36.0.0", "@codingame/monaco-vscode-javascript-default-extension": "36.0.0", "@codingame/monaco-vscode-json-default-extension": "36.0.0", "@codingame/monaco-vscode-julia-default-extension": "36.0.0", "@codingame/monaco-vscode-latex-default-extension": "36.0.0", "@codingame/monaco-vscode-less-default-extension": "36.0.0", "@codingame/monaco-vscode-log-default-extension": "36.0.0", "@codingame/monaco-vscode-lua-default-extension": "36.0.0", "@codingame/monaco-vscode-make-default-extension": "36.0.0", "@codingame/monaco-vscode-markdown-basics-default-extension": "36.0.0", "@codingame/monaco-vscode-markdown-math-default-extension": "36.0.0", "@codingame/monaco-vscode-npm-default-extension": "36.0.0", "@codingame/monaco-vscode-objective-c-default-extension": "36.0.0", "@codingame/monaco-vscode-perl-default-extension": "36.0.0", "@codingame/monaco-vscode-php-default-extension": "36.0.0", "@codingame/monaco-vscode-powershell-default-extension": "36.0.0", "@codingame/monaco-vscode-prompt-basics-default-extension": "36.0.0", "@codingame/monaco-vscode-pug-default-extension": "36.0.0", "@codingame/monaco-vscode-python-default-extension": "36.0.0", "@codingame/monaco-vscode-r-default-extension": "36.0.0", "@codingame/monaco-vscode-razor-default-extension": "36.0.0", "@codingame/monaco-vscode-restructuredtext-default-extension": "36.0.0", "@codingame/monaco-vscode-ruby-default-extension": "36.0.0", "@codingame/monaco-vscode-rust-default-extension": "36.0.0", "@codingame/monaco-vscode-scss-default-extension": "36.0.0", "@codingame/monaco-vscode-search-result-default-extension": "36.0.0", "@codingame/monaco-vscode-shaderlab-default-extension": "36.0.0", "@codingame/monaco-vscode-shellscript-default-extension": "36.0.0", "@codingame/monaco-vscode-sql-default-extension": "36.0.0", "@codingame/monaco-vscode-swift-default-extension": "36.0.0", "@codingame/monaco-vscode-typescript-basics-default-extension": "36.0.0", "@codingame/monaco-vscode-vb-default-extension": "36.0.0", "@codingame/monaco-vscode-xml-default-extension": "36.0.0", "@codingame/monaco-vscode-yaml-default-extension": "36.0.0" } }, "sha512-rHcnGzMLxBOBSyCcPGJ257hOM4NKkMnEXqP2apzkRW6AMfpFfgNUQeCrbiuHQR5h1y4N5jkFiocL3ll0wpDqEw=="],

    "@codingame/monaco-vscode-api": ["@codingame/monaco-vscode-api@36.0.0", "", { "dependencies": { "@codingame/monaco-vscode-base-service-override": "36.0.0", "@codingame/monaco-vscode-environment-service-override": "36.0.0", "@codingame/monaco-vscode-extensions-service-override": "36.0.0", "@codingame/monaco-vscode-files-service-override": "36.0.0", "@codingame/monaco-vscode-host-service-override": "36.0.0", "@codingame/monaco-vscode-layout-service-override": "36.0.0", "@codingame/monaco-vscode-quickaccess-service-override": "36.0.0", "@vscode/diff": "0.0.2-7", "@vscode/iconv-lite-umd": "0.7.1", "dompurify": "3.4.12", "jschardet": "3.1.4", "marked": "14.0.0" } }, "sha512-bDse4v0w7B6EWPGT/vgFTer9rdOCEoEUzRcHKbs71Ow04OxNlFfvdFL8UgP1Yui8RSJdAwfc7YFdQ1g0ZZl5TQ=="],

    "@codingame/monaco-vscode-base-service-override": ["@codingame/monaco-vscode-base-service-override@36.0.0", "", { "dependencies": { "@codingame/monaco-vscode-api": "36.0.0" } }, "sha512-PS+t90ZTDDx0EI7WLua8oJbKPbRJj6xy1EQfej+TfudKYMkcSPOIaCwatbYCguCWUCavwopIgOsOzbJ9qNvjSQ=="],

    "@codingame/monaco-vscode-bat-default-extension": ["@codingame/monaco-vscode-bat-default-extension@36.0.0", "", { "dependencies": { "@codingame/monaco-vscode-api": "36.0.0" } }, "sha512-S1seE0htL9bOHj0TeF/ljG36E6AUbYJXlxp4HmzEH+VBNOuMvFEKzGvK6yoLycGKgPUDJayc2c9NAP35s9YC+w=="],

    "@codingame/monaco-vscode-clojure-default-extension": ["@codingame/monaco-vscode-clojure-default-extension@36.0.0", "", { "dependencies": { "@codingame/monaco-vscode-api": "36.0.0" } }, "sha512-cp+S5/WJnw7iRnL4+996C8ETgb/Kk8B5A/HTFFLh7Q9NjK8eHlG6epw5bvVdURrV8V6m4WciQ/UJ1zlXYN9JZQ=="],

    "@codingame/monaco-vscode-coffeescript-default-extension": ["@codingame/monaco-vscode-coffeescript-default-extension@36.0.0", "", { "dependencies": { "@codingame/monaco-vscode-api": "36.0.0" } }, "sha512-Z76oX7ZWl7tVL2krGXo3M8elUhQT/7AymlsM+YI8AGJFKLaUnKCQASTt7+sqCW8/wTnVYbsXv4Dvkr1hVnsKOw=="],

    "@codingame/monaco-vscode-configuration-editing-default-extension": ["@codingame/monaco-vscode-configuration-editing-default-extension@36.0.0", "", { "dependencies": { "@codingame/monaco-vscode-api": "36.0.0" } }, "sha512-1RJ26eM3xFvNrXnfY67JVHXbItSsCgNkCFdvdp7UWbHlYOyQoGqT4vv+2Z1E3AKtO3HR/dHSkZZa44a3fLpl8g=="],

    "@codingame/monaco-vscode-cpp-default-extension": ["@codingame/monaco-vscode-cpp-default-extension@36.0.0", "", { "dependencies": { "@codingame/monaco-vscode-api": "36.0.0" } }, "sha512-k3z+ex/Y7qSBtwzu8wPiJht/rNglwd8hD1oqSmQA7IDhl5u4fNw5Q06DCyzqy9LRviK7ZCTvqt4LwJqTcVMcQQ=="],

    "@codingame/monaco-vscode-csharp-default-extension": ["@codingame/monaco-vscode-csharp-default-extension@36.0.0", "", { "dependencies": { "@codingame/monaco-vscode-api": "36.0.0" } }, "sha512-ihzRvMsSAbUcONLhrznS/978GeB0ppGhUv7ZxYufZcEL10ew84QQ+tCF0Wr84BujaJzJRPpjcdV3lYZPMyJtRg=="],

    "@codingame/monaco-vscode-css-default-extension": ["@codingame/monaco-vscode-css-default-extension@36.0.0", "", { "dependencies": { "@codingame/monaco-vscode-api": "36.0.0" } }, "sha512-3IBvM+z/ZIZ+/yOaro8e+Jil6Os/urOosHgnJtBtBr85AkfQNLbQQMBFCVA4o+Eq7hnQ7NrLSZ5wWue7Gs1Euw=="],

    "@codingame/monaco-vscode-dart-default-extension": ["@codingame/monaco-vscode-dart-default-extension@36.0.0", "", { "dependencies": { "@codingame/monaco-vscode-api": "36.0.0" } }, "sha512-OVRq9T1n29eALipseQlzew5OIuCVs6xStVUM4TpzSHgS9WoQV7iajwS5HKcv76qJgOml39l6NGJ/mpF/eCuNLA=="],

    "@codingame/monaco-vscode-diff-default-extension": ["@codingame/monaco-vscode-diff-default-extension@36.0.0", "", { "dependencies": { "@codingame/monaco-vscode-api": "36.0.0" } }, "sha512-tSvI7CJ9Rw44hCsHjHTeP2PHSWAdaiWpsx3KKWbFWS6QJnHu9/UZ9q73cMetiIcmCRdEYCvSbRN5QkDnwUHvpA=="],

    "@codingame/monaco-vscode-docker-default-extension": ["@codingame/monaco-vscode-docker-default-extension@36.0.0", "", { "dependencies": { "@codingame/monaco-vscode-api": "36.0.0" } }, "sha512-4VlK+Hcg7QUxrGsRVZql9l+AdmVzbuCxR+qIeTSHXolscqF/IuVvDH52hraRQ/qHsJrEapI/nPbYFwpfJQqhgg=="],

    "@codingame/monaco-vscode-dotenv-default-extension": ["@codingame/monaco-vscode-dotenv-default-extension@36.0.0", "", { "dependencies": { "@codingame/monaco-vscode-api": "36.0.0" } }, "sha512-7LJQ0OJD5ZgNXxrTEidQjjNpB3SmHJvDf4VOX4tci+ejJaHeRuPtNs9tD/hlcguLB8dbczMdPCJ1FJtAlHKa+Q=="],

    "@codingame/monaco-vscode-environment-service-override": ["@codingame/monaco-vscode-environment-service-override@36.0.0", "", { "dependencies": { "@codingame/monaco-vscode-api": "36.0.0" } }, "sha512-IW7nyDn5sB/F0AUuF1uJ4427TvkmHpJXkP/dcIkQrY5QS7rNSPk3VsmxZeL3612BhQ33IcyXBWpx8+uyNylhKw=="],

    "@codingame/monaco-vscode-extension-editing-default-extension": ["@codingame/monaco-vscode-extension-editing-default-extension@36.0.0", "", { "dependencies": { "@codingame/monaco-vscode-api": "36.0.0" } }, "sha512-fnbAwJtkEV4B4VTQPGtpoOD6B63WYRsZYJVxXjH4bWb6IDQqj8Xz9Q8DlOBa0x91hidegoyr6YiKZAjXD2MwUQ=="],

    "@codingame/monaco-vscode-extensions-service-override": ["@codingame/monaco-vscode-extensions-service-override@36.0.0", "", { "dependencies": { "@codingame/monaco-vscode-api": "36.0.0", "@codingame/monaco-vscode-files-service-override": "36.0.0" } }, "sha512-PJjGdXBTuRSgfN6UvG62Bjkpzq8LV/KCpjQ2f68kWuY6Kepq+AKRsmscG36abZDCTSiDstjQ949CAS0zzkYkBQ=="],

    "@codingame/monaco-vscode-files-service-override": ["@codingame/monaco-vscode-files-service-override@36.0.0", "", { "dependencies": { "@codingame/monaco-vscode-api": "36.0.0" } }, "sha512-lCcCU/1RYSfM+YfpJ8CjeT6PTRK5Tge61K5YJnnjmtP/ZXdl2J8/A5ThOZ9YX7bo5nXjx8uZUbobQ5S4QxIIRA=="],

    "@codingame/monaco-vscode-fsharp-default-extension": ["@codingame/monaco-vscode-fsharp-default-extension@36.0.0", "", { "dependencies": { "@codingame/monaco-vscode-api": "36.0.0" } }, "sha512-fzjAiajTGG32IXAhfcMskmNKv08mYi7eH0Rdn94aHSTfb/ejkvunoY/67C+SVN8Q7Z4W/SEPolMbaYJo5N6QlA=="],

    "@codingame/monaco-vscode-git-base-default-extension": ["@codingame/monaco-vscode-git-base-default-extension@36.0.0", "", { "dependencies": { "@codingame/monaco-vscode-api": "36.0.0" } }, "sha512-GIh14ZqX1yvFzAXXmSk71jTJ1WC+wkhzL46yG+nuqiPwFAnwIv3N1G0eedaOpZP9qhC+PkGFX3BLi8E4y856ww=="],

    "@codingame/monaco-vscode-go-default-extension": ["@codingame/monaco-vscode-go-default-extension@36.0.0", "", { "dependencies": { "@codingame/monaco-vscode-api": "36.0.0" } }, "sha512-T2sCMmdYYOe7s+Wqe2bI9KV73YyuYrMVyPFG+Qaf3pjkSc2JA0EMjCfIbCCV8USqsN6XwhUDkA4SGE8jtd80+A=="],

    "@codingame/monaco-vscode-groovy-default-extension": ["@codingame/monaco-vscode-groovy-default-extension@36.0.0", "", { "dependencies": { "@codingame/monaco-vscode-api": "36.0.0" } }, "sha512-vDJ+ORvKwIW7RriU4bmrxkNQpAEzBd0t+QeX6YZg/1kJeTptjSecB+MYPH2Eomm9WcBqLPD80hnhAxTRe9NM6w=="],

    "@codingame/monaco-vscode-handlebars-default-extension": ["@codingame/monaco-vscode-handlebars-default-extension@36.0.0", "", { "dependencies": { "@codingame/monaco-vscode-api": "36.0.0" } }, "sha512-Dwac+ezLmtcgnvC2pw8ZW1WjtRbbCGHN4X+lafJ3TR+ZVz8JM8cHro8q/uX2Pt+CUGpqBwaPXdtYS0kE0l69Tw=="],

    "@codingame/monaco-vscode-hlsl-default-extension": ["@codingame/monaco-vscode-hlsl-default-extension@36.0.0", "", { "dependencies": { "@codingame/monaco-vscode-api": "36.0.0" } }, "sha512-yRU8H+Tfl6zWBmUZqolY8xup0Mi/4gVEkffpcrePKG8yzaJ5Vj8GBh1ZUX/4HEj4k50tq29sdMPnSRp4ztsiUg=="],

    "@codingame/monaco-vscode-host-service-override": ["@codingame/monaco-vscode-host-service-override@36.0.0", "", { "dependencies": { "@codingame/monaco-vscode-api": "36.0.0" } }, "sha512-fqrTwj6QERgLYNQ0IAx34UPWl7VM0T0ga3n3Zr2PgRz51FLxCx0ohGzkKKih9GqPuKyauaGfG/D6z07aMU4JXQ=="],

    "@codingame/monaco-vscode-html-default-extension": ["@codingame/monaco-vscode-html-default-extension@36.0.0", "", { "dependencies": { "@codingame/monaco-vscode-api": "36.0.0" } }, "sha512-PG7SuwhbkC+frWvKCtu2WUaKYMOWxyrFEr3FvRMwnQo1zn3P69rVzGFC53SE6fiCC18Vaa01EkS5kcyOZK/jYg=="],

    "@codingame/monaco-vscode-ini-default-extension": ["@codingame/monaco-vscode-ini-default-extension@36.0.0", "", { "dependencies": { "@codingame/monaco-vscode-api": "36.0.0" } }, "sha512-yBBeA4sAfR6IxHD6kT+kT5uhSQEb44D9yLijpT8KXmBp4qUplZ/kx3BpXigp6kGtyEMdsnq6NuKFpqSsjgaOSQ=="],

    "@codingame/monaco-vscode-java-default-extension": ["@codingame/monaco-vscode-java-default-extension@36.0.0", "", { "dependencies": { "@codingame/monaco-vscode-api": "36.0.0" } }, "sha512-s43cuzaRw1v8+wjl31z7H8tptJqfZiETj9/thXBCwB3fSMJzn6SnFiIDY6YHeXx9617DfjpEzp8+bvOLObtdyQ=="],

    "@codingame/monaco-vscode-javascript-default-extension": ["@codingame/monaco-vscode-javascript-default-extension@36.0.0", "", { "dependencies": { "@codingame/monaco-vscode-api": "36.0.0" } }, "sha512-4QbXZvTRgHMTR/NmsQ2HZXVO7wxk3nRkvjQtA9mQPelv+ZZVoWVYc/lY8MFVOitsnlopmTKrqwm07AKGrNuuhQ=="],

    "@codingame/monaco-vscode-json-default-extension": ["@codingame/monaco-vscode-json-default-extension@36.0.0", "", { "dependencies": { "@codingame/monaco-vscode-api": "36.0.0" } }, "sha512-81c8o6S6R4VM9QhsviDpp7oPcE1wWzsZaKQiBgeCi2ED8pEfQ4wVvWVkHyO2zZ1FMK4CiKsJ5jxdXdQkTO4bVQ=="],

    "@codingame/monaco-vscode-julia-default-extension": ["@codingame/monaco-vscode-julia-default-extension@36.0.0", "", { "dependencies": { "@codingame/monaco-vscode-api": "36.0.0" } }, "sha512-YX5UmrpYw8FGljWjuzdm9k3OcHa5pvNx0L8OByXhhyzWVWd0b8kjBS6Lkx/NBu43Zsfw2pmYNyWl+TR/Zb01Tw=="],

    "@codingame/monaco-vscode-languages-service-override": ["@codingame/monaco-vscode-languages-service-override@36.0.0", "", { "dependencies": { "@codingame/monaco-vscode-api": "36.0.0", "@codingame/monaco-vscode-files-service-override": "36.0.0" } }, "sha512-KW/o6D94+PZskKXhrMyTOFCNv1mOiJExK4Z7TGae0dCYWIy26612EM02ETgBYQH88YNdnkXf8muGXtyoplTW8Q=="],

    "@codingame/monaco-vscode-latex-default-extension": ["@codingame/monaco-vscode-latex-default-extension@36.0.0", "", { "dependencies": { "@codingame/monaco-vscode-api": "36.0.0" } }, "sha512-oCjiG740AVDzgvlBi1gQCa2jhWq5dfuplRL3CokTwKniP1lc+uNfFQUUV8EhANGi0nqAHvtCCMSW6U6QpjVICQ=="],

    "@codingame/monaco-vscode-layout-service-override": ["@codingame/monaco-vscode-layout-service-override@36.0.0", "", { "dependencies": { "@codingame/monaco-vscode-api": "36.0.0" } }, "sha512-GBGDkOiECf3DQNCc2cBwX91+2IwWVJC7Ng3L2MhMA8CFbBG+Zi1MIcKD4xxQVZWWsjP50h9s/5kJDV+DvpJfnw=="],

    "@codingame/monaco-vscode-less-default-extension": ["@codingame/monaco-vscode-less-default-extension@36.0.0", "", { "dependencies": { "@codingame/monaco-vscode-api": "36.0.0" } }, "sha512-9/CreWPtKv6mm/63wMpQRH1gN87IeYI2hUxRwjY//fh9Q54de6EYXeehDGxKMnPXJZ/LdaaaMNjfeyNsxpfh5g=="],

    "@codingame/monaco-vscode-log-default-extension": ["@codingame/monaco-vscode-log-default-extension@36.0.0", "", { "dependencies": { "@codingame/monaco-vscode-api": "36.0.0" } }, "sha512-ZxKirqD29yqJk/4Xx5bZxCL+EptlTa7oT93MhHLQUB65lJiTRiYBFqVFvtGVd+o/dMyuGz9F7DO8t7OxEkMlHA=="],

    "@codingame/monaco-vscode-lua-default-extension": ["@codingame/monaco-vscode-lua-default-extension@36.0.0", "", { "dependencies": { "@codingame/monaco-vscode-api": "36.0.0" } }, "sha512-42KUw61X0jUa2ByPKy24K+0vQsZSuL/x9+qfSxPwWWA7PY6diSVFpfMdKvw8onRLt13sOSOZmsdfhULpH/+O2A=="],

    "@codingame/monaco-vscode-make-default-extension": ["@codingame/monaco-vscode-make-default-extension@36.0.0", "", { "dependencies": { "@codingame/monaco-vscode-api": "36.0.0" } }, "sha512-Dn028QZVMIni4NJ+yvvF2QXZr/+cC2XoIma+dbZZCsai7/hubWFmGFMv4u+zX8sxY/P9F/5CzbjyAv4T7FTn8A=="],

    "@codingame/monaco-vscode-markdown-basics-default-extension": ["@codingame/monaco-vscode-markdown-basics-default-extension@36.0.0", "", { "dependencies": { "@codingame/monaco-vscode-api": "36.0.0" } }, "sha512-aPn+O2c2q2XKR5T3VuJE4WRz7Ixuc8URGYRcAPua5VCgb5qAcZYACo/Mr7ReK8BYty+BocHLSLzqf6xKv+s7Vg=="],

    "@codingame/monaco-vscode-markdown-math-default-extension": ["@codingame/monaco-vscode-markdown-math-default-extension@36.0.0", "", { "dependencies": { "@codingame/monaco-vscode-api": "36.0.0" } }, "sha512-0BjRWi1nHKJUoOd4/icdou9b6f+jfYwzwPOTUsKzimta6nZwnNc+AxY3Q7O/sMCN1HXlgozUhfYLNwdxNLkGKA=="],

    "@codingame/monaco-vscode-npm-default-extension": ["@codingame/monaco-vscode-npm-default-extension@36.0.0", "", { "dependencies": { "@codingame/monaco-vscode-api": "36.0.0" } }, "sha512-0ox1RFX1OMKY6IVeIwPMkejIQNgAH1nhCcvSzDJvGmutI5rOdc5+rNn/5jLfN8YuE0PIQ25Hsx5lxq740ED3rA=="],

    "@codingame/monaco-vscode-objective-c-default-extension": ["@codingame/monaco-vscode-objective-c-default-extension@36.0.0", "", { "dependencies": { "@codingame/monaco-vscode-api": "36.0.0" } }, "sha512-a8KJJvswzB27Urhm0AydJXFtpLloQdlyh5bqrbu2uu+BWbzxGwfdzju0WmOb4G7NG86WdWBRQHSUT8UrDzPNSg=="],

    "@codingame/monaco-vscode-perl-default-extension": ["@codingame/monaco-vscode-perl-default-extension@36.0.0", "", { "dependencies": { "@codingame/monaco-vscode-api": "36.0.0" } }, "sha512-w1X6F8X0e9pFsxTKzmTuGTSgY6EWHW8N9f5tbINoOlrPsXUIWcTB6RPmPIyyyQW13LNEHV/Q5cltiGZ/eG1ONA=="],

    "@codingame/monaco-vscode-php-default-extension": ["@codingame/monaco-vscode-php-default-extension@36.0.0", "", { "dependencies": { "@codingame/monaco-vscode-api": "36.0.0" } }, "sha512-MjHom2dipJyAsoUbpcRsgHkfMCdpVrqQv3/ulBWg5dqvOWEBaigmDWSkDxpw4oEU/SE26KTIUFMvmMkT+uLxrw=="],

    "@codingame/monaco-vscode-powershell-default-extension": ["@codingame/monaco-vscode-powershell-default-extension@36.0.0", "", { "dependencies": { "@codingame/monaco-vscode-api": "36.0.0" } }, "sha512-cuvaRPAuzIHTGZkBZqaGg4DqKrWaUXuWevvqpLEgaIqINlw5uyCgNSMclmEzkh7nwfvQ34BNyW4GUItjdB11LQ=="],

    "@codingame/monaco-vscode-prompt-basics-default-extension": ["@codingame/monaco-vscode-prompt-basics-default-extension@36.0.0", "", { "dependencies": { "@codingame/monaco-vscode-api": "36.0.0" } }, "sha512-A8z4L3AXFV6mlvJqF8wpF4VRZZlHYz3P7+EG6ZEQfBjbqh01xNqMX3MkXwQc0vl20xdV/ozke4ne0wP8mW9qpg=="],

    "@codingame/monaco-vscode-pug-default-extension": ["@codingame/monaco-vscode-pug-default-extension@36.0.0", "", { "dependencies": { "@codingame/monaco-vscode-api": "36.0.0" } }, "sha512-UnQYHDE3DEAUwdOvDu4rdsxNJoeHm34+mIVbZhJDvNcjvpcP0CMycb/g7Nc8ymW5hu0Q4oLufRfZrOhj4fjgww=="],

    "@codingame/monaco-vscode-python-default-extension": ["@codingame/monaco-vscode-python-default-extension@36.0.0", "", { "dependencies": { "@codingame/monaco-vscode-api": "36.0.0" } }, "sha512-XTuR50nD7BBMlQhhWbA4Gg5H++PvRvdiKPnSttUphOf4qgvjMGyvGktp8hqb+hnY1k2M8S/dm1ubFsOPuqeXRQ=="],

    "@codingame/monaco-vscode-quickaccess-service-override": ["@codingame/monaco-vscode-quickaccess-service-override@36.0.0", "", { "dependencies": { "@codingame/monaco-vscode-api": "36.0.0" } }, "sha512-PyKzXcqsZEO13Fczx4JUam62DBW8f7dAdJ6ug1OMQ1+MAVW/qKOw/ZuKIWjqWlfOt75jVxl6TGCHOHhyoPCN1w=="],

    "@codingame/monaco-vscode-r-default-extension": ["@codingame/monaco-vscode-r-default-extension@36.0.0", "", { "dependencies": { "@codingame/monaco-vscode-api": "36.0.0" } }, "sha512-VRda80Iie01eumYRcSITlP0dm308G/govRuAX7lUzqn6ppyjOeLjiiQW22yWG1VW95aieZY7Yb2PPk4mwG+rrw=="],

    "@codingame/monaco-vscode-razor-default-extension": ["@codingame/monaco-vscode-razor-default-extension@36.0.0", "", { "dependencies": { "@codingame/monaco-vscode-api": "36.0.0" } }, "sha512-ZiamCsPkBJFsqwN8YLAXSIzjZSKnlC4qg9nPPxdfXhnWgauW+VJX0xlN+swDOFREQzlFrv6ZG4BfmCVcQz2GJQ=="],

    "@codingame/monaco-vscode-restructuredtext-default-extension": ["@codingame/monaco-vscode-restructuredtext-default-extension@36.0.0", "", { "dependencies": { "@codingame/monaco-vscode-api": "36.0.0" } }, "sha512-3oBPfbGxWD6vZYiBksn5h+0IsOh9AiFMUUpAsGvA2HKVf0mtkozWAFDc1KMv9E6L5Q8lHVh+eL/x8HJi3joW9Q=="],

    "@codingame/monaco-vscode-ruby-default-extension": ["@codingame/monaco-vscode-ruby-default-extension@36.0.0", "", { "dependencies": { "@codingame/monaco-vscode-api": "36.0.0" } }, "sha512-56BUdPEIFkSOYzY+4vhRmUMoj1TKfnFktFQVa+YRRTwMEEQFMzviQ0VZUQMIUIIXN6yT05bDUjccXjhfyKVf2w=="],

    "@codingame/monaco-vscode-rust-default-extension": ["@codingame/monaco-vscode-rust-default-extension@36.0.0", "", { "dependencies": { "@codingame/monaco-vscode-api": "36.0.0" } }, "sha512-/jK7/msOi3qWS1CrPJnkN8sqlKWpjMxMiv5Fn4/iYXihtg7O0+sXwuuiOnmuDPL2BUoBTNqmIbmBLlFPpcx4wQ=="],

    "@codingame/monaco-vscode-scss-default-extension": ["@codingame/monaco-vscode-scss-default-extension@36.0.0", "", { "dependencies": { "@codingame/monaco-vscode-api": "36.0.0" } }, "sha512-Lf5LbxaN2Lbxpuw/q0A79cw1Ts1JUZ3rx21iy2vkKZV97WJlB0ai33t8jTNLmJ17LlSY5Ka/pN4P28GMzqfsig=="],

    "@codingame/monaco-vscode-search-result-default-extension": ["@codingame/monaco-vscode-search-result-default-extension@36.0.0", "", { "dependencies": { "@codingame/monaco-vscode-api": "36.0.0" } }, "sha512-C7WJsWiWGOIlGrrD61YUfERrE9Nf5yO49n6WsWrCCiIw9YmloEZjRSjTgWpHldP0cOSdqcWXhNbMAKPP6hrKng=="],

    "@codingame/monaco-vscode-shaderlab-default-extension": ["@codingame/monaco-vscode-shaderlab-default-extension@36.0.0", "", { "dependencies": { "@codingame/monaco-vscode-api": "36.0.0" } }, "sha512-fHwEO+JFiRbHxUsj6zafAMcSeZPJi6bJagSzW3WJyo4bftrc/4gOa/EjvYbwal4LrBByOheYvhOvMbJIhZMwYg=="],

    "@codingame/monaco-vscode-shellscript-default-extension": ["@codingame/monaco-vscode-shellscript-default-extension@36.0.0", "", { "dependencies": { "@codingame/monaco-vscode-api": "36.0.0" } }, "sha512-9LiWMsEfjahS+dbWnAiRVcvN2SoRkjcgoVGgjYyzJ4PclL3XyuhNn4USSTgpi5NUcpJiaEdI+OHBa03Vo7FF1g=="],

    "@codingame/monaco-vscode-sql-default-extension": ["@codingame/monaco-vscode-sql-default-extension@36.0.0", "", { "dependencies": { "@codingame/monaco-vscode-api": "36.0.0" } }, "sha512-apmKOuu4vsqe+G7c2dM1ztrnrH8sUNcGHW8/DvoUVMIFsnd8AdwKOcKqx7tiObAP8+iq1yYv3JBsBO7aEqLzoQ=="],

    "@codingame/monaco-vscode-standalone-css-language-features": ["@codingame/monaco-vscode-standalone-css-language-features@36.0.0", "", { "dependencies": { "monaco-editor": "npm:@codingame/monaco-vscode-editor-api@36.0.0", "vscode-css-languageservice": "6.2.14", "vscode-languageserver-textdocument": "1.0.12", "vscode-languageserver-types": "3.17.5" } }, "sha512-Sxf6Hrgg3bnFrcTdmC/dVYpSdqSBJJzVlMtfdPHGngmj5DG+Yhz+K/vtdz3kTo7B/C/cUs8Od61fBp1IDUd0wg=="],

    "@codingame/monaco-vscode-standalone-html-language-features": ["@codingame/monaco-vscode-standalone-html-language-features@36.0.0", "", { "dependencies": { "monaco-editor": "npm:@codingame/monaco-vscode-editor-api@36.0.0", "vscode-html-languageservice": "5.2.0", "vscode-languageserver-textdocument": "1.0.12", "vscode-languageserver-types": "3.17.5" } }, "sha512-kKt3WQ7qSR0+Dfj8QaMQTybTHI3QgvtQxl7L1lvP7wqAJj+QW8GSPxczFodvdy78eSVY84fKk5Kf8lGjp4dMzw=="],

    "@codingame/monaco-vscode-standalone-json-language-features": ["@codingame/monaco-vscode-standalone-json-language-features@36.0.0", "", { "dependencies": { "jsonc-parser": "3.3.1", "monaco-editor": "npm:@codingame/monaco-vscode-editor-api@36.0.0", "vscode-json-languageservice": "5.3.11", "vscode-languageserver-textdocument": "1.0.12", "vscode-languageserver-types": "3.17.5", "vscode-uri": "3.0.8" } }, "sha512-TYGBnm84oHQR0W35XozJjlSQTLLEUSii95dD+lq+ScfzQ+ZvkJ+DHOgtlZqyKdTYOemQoCKSilcTudi+4jiVcQ=="],

    "@codingame/monaco-vscode-standalone-typescript-language-features": ["@codingame/monaco-vscode-standalone-typescript-language-features@36.0.0", "", { "dependencies": { "monaco-editor": "npm:@codingame/monaco-vscode-editor-api@36.0.0" } }, "sha512-Km5dGYQgkXozPy+vFyU/8ktas1qgE8UGwy/d0C5YGmjujpqJfcBMTTtbWjkGN+X2vAAhUKBBzx7kBtTCj2BVlA=="],

    "@codingame/monaco-vscode-swift-default-extension": ["@codingame/monaco-vscode-swift-default-extension@36.0.0", "", { "dependencies": { "@codingame/monaco-vscode-api": "36.0.0" } }, "sha512-oSfL5PjNLtQoxKIlXrAze0ivLWOPRu68Y5OH7SLzj+/3Y+nQSSxs6zozSic0pwgRIqqUYCfAIPJzmh5A0yHsyQ=="],

    "@codingame/monaco-vscode-textmate-service-override": ["@codingame/monaco-vscode-textmate-service-override@36.0.0", "", { "dependencies": { "@codingame/monaco-vscode-api": "36.0.0", "@codingame/monaco-vscode-files-service-override": "36.0.0" } }, "sha512-h8clxei8jC4sir32vy4I5c6KH+9u+Tv5pFVTTNo1H2uRhv/EAQZuD1PYMePaesJqfdcll4wEycrJLQd5OTTCxQ=="],

    "@codingame/monaco-vscode-theme-defaults-default-extension": ["@codingame/monaco-vscode-theme-defaults-default-extension@36.0.0", "", { "dependencies": { "@codingame/monaco-vscode-api": "36.0.0" } }, "sha512-2+aAS5Eev1ch11E+r+xnwos6DAFFdaEk2oAAsRbgJxcHIN9szPzeEyNsCjRB+cCa+hQkwJp/CJPZi87ba3OhFA=="],

    "@codingame/monaco-vscode-theme-service-override": ["@codingame/monaco-vscode-theme-service-override@36.0.0", "", { "dependencies": { "@codingame/monaco-vscode-api": "36.0.0", "@codingame/monaco-vscode-files-service-override": "36.0.0" } }, "sha512-8NucYBCiwaCdZgBvAEaHIUeLC2nwTvg+3a/OGpdSuwDAT2Z46RJVUSITc58VdmaDEwp1BmUnyFQVSfpOH+chIQ=="],

    "@codingame/monaco-vscode-typescript-basics-default-extension": ["@codingame/monaco-vscode-typescript-basics-default-extension@36.0.0", "", { "dependencies": { "@codingame/monaco-vscode-api": "36.0.0" } }, "sha512-JTzWO8vuqQizg4bsmyb0iTezYfK4apI3fySSeUGAI2gA3OwnFv5nAIYbCfQPPh5MJF8oy8hP5B5pHchKEpQljw=="],

    "@codingame/monaco-vscode-vb-default-extension": ["@codingame/monaco-vscode-vb-default-extension@36.0.0", "", { "dependencies": { "@codingame/monaco-vscode-api": "36.0.0" } }, "sha512-hFKfy2D2B9KjzCitXVGIiFHIJASAA4P77psDqYhjV0+oO/AU68mGzTEJgE8zW28kQcwV8RgZUbzlHp69kMJvDg=="],

    "@codingame/monaco-vscode-xml-default-extension": ["@codingame/monaco-vscode-xml-default-extension@36.0.0", "", { "dependencies": { "@codingame/monaco-vscode-api": "36.0.0" } }, "sha512-6wWPpFsHerGCeJakH5Bc9JhF958+PL84WZI4gco7OXWxmbdnlT4qBBZpCTkxmjOw8RsB3/4K+/+E3yO9Jn6ZGQ=="],

    "@codingame/monaco-vscode-yaml-default-extension": ["@codingame/monaco-vscode-yaml-default-extension@36.0.0", "", { "dependencies": { "@codingame/monaco-vscode-api": "36.0.0" } }, "sha512-xrbU0PyFou1y7Y9GV2zXwuZh652Cjhg5hJYdfGifD7JvlJ5LJC8lzkzwIcd67OidAKtgxU7CFbQCGaoQb1oOvQ=="],

    "@emnapi/core": ["@emnapi/core@1.9.2", "", { "dependencies": { "@emnapi/wasi-threads": "1.2.1", "tslib": "^2.4.0" } }, "sha512-UC+ZhH3XtczQYfOlu3lNEkdW/p4dsJ1r/bP7H8+rhao3TTTMO1ATq/4DdIi23XuGoFY+Cz0JmCbdVl0hz9jZcA=="],

    "@emnapi/runtime": ["@emnapi/runtime@1.9.2", "", { "dependencies": { "tslib": "^2.4.0" } }, "sha512-3U4+MIWHImeyu1wnmVygh5WlgfYDtyf0k8AbLhMFxOipihf6nrWC4syIm/SwEeec0mNSafiiNnMJwbza/Is6Lw=="],

    "@emnapi/wasi-threads": ["@emnapi/wasi-threads@1.2.1", "", { "dependencies": { "tslib": "^2.4.0" } }, "sha512-uTII7OYF+/Mes/MrcIOYp5yOtSMLBWSIoLPpcgwipoiKbli6k322tcoFsxoIIxPDqW01SQGAgko4EzZi2BNv2w=="],

    "@napi-rs/wasm-runtime": ["@napi-rs/wasm-runtime@1.1.3", "", { "dependencies": { "@tybys/wasm-util": "^0.10.1" }, "peerDependencies": { "@emnapi/core": "^1.7.1", "@emnapi/runtime": "^1.7.1" } }, "sha512-xK9sGVbJWYb08+mTJt3/YV24WxvxpXcXtP6B172paPZ+Ts69Re9dAr7lKwJoeIx8OoeuimEiRZ7umkiUVClmmQ=="],

    "@oxc-project/types": ["@oxc-project/types@0.124.0", "", {}, "sha512-VBFWMTBvHxS11Z5Lvlr3IWgrwhMTXV+Md+EQF0Xf60+wAdsGFTBx7X7K/hP4pi8N7dcm1RvcHwDxZ16Qx8keUg=="],

    "@rolldown/binding-android-arm64": ["@rolldown/binding-android-arm64@1.0.0-rc.15", "", { "os": "android", "cpu": "arm64" }, "sha512-YYe6aWruPZDtHNpwu7+qAHEMbQ/yRl6atqb/AhznLTnD3UY99Q1jE7ihLSahNWkF4EqRPVC4SiR4O0UkLK02tA=="],

    "@rolldown/binding-darwin-arm64": ["@rolldown/binding-darwin-arm64@1.0.0-rc.15", "", { "os": "darwin", "cpu": "arm64" }, "sha512-oArR/ig8wNTPYsXL+Mzhs0oxhxfuHRfG7Ikw7jXsw8mYOtk71W0OkF2VEVh699pdmzjPQsTjlD1JIOoHkLP1Fg=="],

    "@rolldown/binding-darwin-x64": ["@rolldown/binding-darwin-x64@1.0.0-rc.15", "", { "os": "darwin", "cpu": "x64" }, "sha512-YzeVqOqjPYvUbJSWJ4EDL8ahbmsIXQpgL3JVipmN+MX0XnXMeWomLN3Fb+nwCmP/jfyqte5I3XRSm7OfQrbyxw=="],

    "@rolldown/binding-freebsd-x64": ["@rolldown/binding-freebsd-x64@1.0.0-rc.15", "", { "os": "freebsd", "cpu": "x64" }, "sha512-9Erhx956jeQ0nNTyif1+QWAXDRD38ZNjr//bSHrt6wDwB+QkAfl2q6Mn1k6OBPerznjRmbM10lgRb1Pli4xZPw=="],

    "@rolldown/binding-linux-arm-gnueabihf": ["@rolldown/binding-linux-arm-gnueabihf@1.0.0-rc.15", "", { "os": "linux", "cpu": "arm" }, "sha512-cVwk0w8QbZJGTnP/AHQBs5yNwmpgGYStL88t4UIaqcvYJWBfS0s3oqVLZPwsPU6M0zlW4GqjP0Zq5MnAGwFeGA=="],

    "@rolldown/binding-linux-arm64-gnu": ["@rolldown/binding-linux-arm64-gnu@1.0.0-rc.15", "", { "os": "linux", "cpu": "arm64" }, "sha512-eBZ/u8iAK9SoHGanqe/jrPnY0JvBN6iXbVOsbO38mbz+ZJsaobExAm1Iu+rxa4S1l2FjG0qEZn4Rc6X8n+9M+w=="],

    "@rolldown/binding-linux-arm64-musl": ["@rolldown/binding-linux-arm64-musl@1.0.0-rc.15", "", { "os": "linux", "cpu": "arm64" }, "sha512-ZvRYMGrAklV9PEkgt4LQM6MjQX2P58HPAuecwYObY2DhS2t35R0I810bKi0wmaYORt6m/2Sm+Z+nFgb0WhXNcQ=="],

    "@rolldown/binding-linux-ppc64-gnu": ["@rolldown/binding-linux-ppc64-gnu@1.0.0-rc.15", "", { "os": "linux", "cpu": "ppc64" }, "sha512-VDpgGBzgfg5hLg+uBpCLoFG5kVvEyafmfxGUV0UHLcL5irxAK7PKNeC2MwClgk6ZAiNhmo9FLhRYgvMmedLtnQ=="],

    "@rolldown/binding-linux-s390x-gnu": ["@rolldown/binding-linux-s390x-gnu@1.0.0-rc.15", "", { "os": "linux", "cpu": "s390x" }, "sha512-y1uXY3qQWCzcPgRJATPSOUP4tCemh4uBdY7e3EZbVwCJTY3gLJWnQABgeUetvED+bt1FQ01OeZwvhLS2bpNrAQ=="],

    "@rolldown/binding-linux-x64-gnu": ["@rolldown/binding-linux-x64-gnu@1.0.0-rc.15", "", { "os": "linux", "cpu": "x64" }, "sha512-023bTPBod7J3Y/4fzAN6QtpkSABR0rigtrwaP+qSEabUh5zf6ELr9Nc7GujaROuPY3uwdSIXWrvhn1KxOvurWA=="],

    "@rolldown/binding-linux-x64-musl": ["@rolldown/binding-linux-x64-musl@1.0.0-rc.15", "", { "os": "linux", "cpu": "x64" }, "sha512-witB2O0/hU4CgfOOKUoeFgQ4GktPi1eEbAhaLAIpgD6+ZnhcPkUtPsoKKHRzmOoWPZue46IThdSgdo4XneOLYw=="],

    "@rolldown/binding-openharmony-arm64": ["@rolldown/binding-openharmony-arm64@1.0.0-rc.15", "", { "os": "none", "cpu": "arm64" }, "sha512-UCL68NJ0Ud5zRipXZE9dF5PmirzJE4E4BCIOOssEnM7wLDsxjc6Qb0sGDxTNRTP53I6MZpygyCpY8Aa8sPfKPg=="],

    "@rolldown/binding-wasm32-wasi": ["@rolldown/binding-wasm32-wasi@1.0.0-rc.15", "", { "dependencies": { "@emnapi/core": "1.9.2", "@emnapi/runtime": "1.9.2", "@napi-rs/wasm-runtime": "^1.1.3" }, "cpu": "none" }, "sha512-ApLruZq/ig+nhaE7OJm4lDjayUnOHVUa77zGeqnqZ9pn0ovdVbbNPerVibLXDmWeUZXjIYIT8V3xkT58Rm9u5Q=="],

    "@rolldown/binding-win32-arm64-msvc": ["@rolldown/binding-win32-arm64-msvc@1.0.0-rc.15", "", { "os": "win32", "cpu": "arm64" }, "sha512-KmoUoU7HnN+Si5YWJigfTws1jz1bKBYDQKdbLspz0UaqjjFkddHsqorgiW1mxcAj88lYUE6NC/zJNwT+SloqtA=="],

    "@rolldown/binding-win32-x64-msvc": ["@rolldown/binding-win32-x64-msvc@1.0.0-rc.15", "", { "os": "win32", "cpu": "x64" }, "sha512-3P2A8L+x75qavWLe/Dll3EYBJLQmtkJN8rfh+U/eR3MqMgL/h98PhYI+JFfXuDPgPeCB7iZAKiqii5vqOvnA0g=="],

    "@rolldown/pluginutils": ["@rolldown/pluginutils@1.0.0-rc.15", "", {}, "sha512-UromN0peaE53IaBRe9W7CjrZgXl90fqGpK+mIZbA3qSTeYqg3pqpROBdIPvOG3F5ereDHNwoHBI2e50n1BDr1g=="],

    "@tybys/wasm-util": ["@tybys/wasm-util@0.10.1", "", { "dependencies": { "tslib": "^2.4.0" } }, "sha512-9tTaPJLSiejZKx+Bmog4uSubteqTvFrVrURwkmHixBo0G4seD0zUxp98E1DzUBJxLQ3NPwXrGKDiVjwx/DpPsg=="],

    "@types/trusted-types": ["@types/trusted-types@2.0.7", "", {}, "sha512-ScaPdn1dQczgbl0QFTeTOmVHFULt394XJgOQNoyVhZ6r2vLnMLJfBPd53SB52T/3G36VI1/g2MZaX0cwDuXsfw=="],

    "@vscode/diff": ["@vscode/diff@0.0.2-7", "", {}, "sha512-zGPIPeUAmQs79u7g6FTLmhlXFIocUTtuHYmCV5lRZf6vlDk7SWEOpBlYY6SsShC3TB/lm2KxXMj9tP32YOPrhg=="],

    "@vscode/iconv-lite-umd": ["@vscode/iconv-lite-umd@0.7.1", "", {}, "sha512-tK6k0DXFHW7q5+GGuGZO+phpAqpxO4WXl+BLc/8/uOk3RsM2ssAL3CQUQDb1TGfwltjsauhN6S4ghYZzs4sPFw=="],

    "@vscode/l10n": ["@vscode/l10n@0.0.18", "", {}, "sha512-KYSIHVmslkaCDyw013pphY+d7x1qV8IZupYfeIfzNA+nsaWHbn5uPuQRvdRFsa9zFzGeudPuoGoZ1Op4jrJXIQ=="],

    "detect-libc": ["detect-libc@2.1.2", "", {}, "sha512-Btj2BOOO83o3WyH59e8MgXsxEQVcarkUOpEYrubB0urwnN10yQ364rsiByU11nZlqWYZm05i/of7io4mzihBtQ=="],

    "dompurify": ["dompurify@3.4.12", "", { "optionalDependencies": { "@types/trusted-types": "^2.0.7" } }, "sha512-zQvGet8Z2sWbQhCmfFz/T5QWH2oBmjnqK3qvOjaqaNLrLEF912WamU+ohnTp0TCep/MFVHpdJuCZEdFOdTnEFg=="],

    "fdir": ["fdir@6.5.0", "", { "peerDependencies": { "picomatch": "^3 || ^4" } }, "sha512-tIbYtZbucOs0BRGqPJkshJUYdL+SDH7dVM8gjy+ERp3WAUjLEFJE+02kanyHtwjWOnwrKYBiwAmM0p4kLJAnXg=="],

    "fsevents": ["fsevents@2.3.3", "", { "os": "darwin" }, "sha512-5xoDfX+fL7faATnagmWPpbFtwh/R77WmMMqqHGS65C3vvB0YHrgF+B1YmZ3441tMj5n63k0212XNoJwzlhffQw=="],

    "jschardet": ["jschardet@3.1.4", "", {}, "sha512-/kmVISmrwVwtyYU40iQUOp3SUPk2dhNCMsZBQX0R1/jZ8maaXJ/oZIzUOiyOqcgtLnETFKYChbJ5iDC/eWmFHg=="],

    "jsonc-parser": ["jsonc-parser@3.3.1", "", {}, "sha512-HUgH65KyejrUFPvHFPbqOY0rsFip3Bo5wb4ngvdi1EpCYWUQDC5V+Y7mZws+DLkr4M//zQJoanu1SP+87Dv1oQ=="],

    "lightningcss": ["lightningcss@1.32.0", "", { "dependencies": { "detect-libc": "^2.0.3" }, "optionalDependencies": { "lightningcss-android-arm64": "1.32.0", "lightningcss-darwin-arm64": "1.32.0", "lightningcss-darwin-x64": "1.32.0", "lightningcss-freebsd-x64": "1.32.0", "lightningcss-linux-arm-gnueabihf": "1.32.0", "lightningcss-linux-arm64-gnu": "1.32.0", "lightningcss-linux-arm64-musl": "1.32.0", "lightningcss-linux-x64-gnu": "1.32.0", "lightningcss-linux-x64-musl": "1.32.0", "lightningcss-win32-arm64-msvc": "1.32.0", "lightningcss-win32-x64-msvc": "1.32.0" } }, "sha512-NXYBzinNrblfraPGyrbPoD19C1h9lfI/1mzgWYvXUTe414Gz/X1FD2XBZSZM7rRTrMA8JL3OtAaGifrIKhQ5yQ=="],

    "lightningcss-android-arm64": ["lightningcss-android-arm64@1.32.0", "", { "os": "android", "cpu": "arm64" }, "sha512-YK7/ClTt4kAK0vo6w3X+Pnm0D2cf2vPHbhOXdoNti1Ga0al1P4TBZhwjATvjNwLEBCnKvjJc2jQgHXH0NEwlAg=="],

    "lightningcss-darwin-arm64": ["lightningcss-darwin-arm64@1.32.0", "", { "os": "darwin", "cpu": "arm64" }, "sha512-RzeG9Ju5bag2Bv1/lwlVJvBE3q6TtXskdZLLCyfg5pt+HLz9BqlICO7LZM7VHNTTn/5PRhHFBSjk5lc4cmscPQ=="],

    "lightningcss-darwin-x64": ["lightningcss-darwin-x64@1.32.0", "", { "os": "darwin", "cpu": "x64" }, "sha512-U+QsBp2m/s2wqpUYT/6wnlagdZbtZdndSmut/NJqlCcMLTWp5muCrID+K5UJ6jqD2BFshejCYXniPDbNh73V8w=="],

    "lightningcss-freebsd-x64": ["lightningcss-freebsd-x64@1.32.0", "", { "os": "freebsd", "cpu": "x64" }, "sha512-JCTigedEksZk3tHTTthnMdVfGf61Fky8Ji2E4YjUTEQX14xiy/lTzXnu1vwiZe3bYe0q+SpsSH/CTeDXK6WHig=="],

    "lightningcss-linux-arm-gnueabihf": ["lightningcss-linux-arm-gnueabihf@1.32.0", "", { "os": "linux", "cpu": "arm" }, "sha512-x6rnnpRa2GL0zQOkt6rts3YDPzduLpWvwAF6EMhXFVZXD4tPrBkEFqzGowzCsIWsPjqSK+tyNEODUBXeeVHSkw=="],

    "lightningcss-linux-arm64-gnu": ["lightningcss-linux-arm64-gnu@1.32.0", "", { "os": "linux", "cpu": "arm64" }, "sha512-0nnMyoyOLRJXfbMOilaSRcLH3Jw5z9HDNGfT/gwCPgaDjnx0i8w7vBzFLFR1f6CMLKF8gVbebmkUN3fa/kQJpQ=="],

    "lightningcss-linux-arm64-musl": ["lightningcss-linux-arm64-musl@1.32.0", "", { "os": "linux", "cpu": "arm64" }, "sha512-UpQkoenr4UJEzgVIYpI80lDFvRmPVg6oqboNHfoH4CQIfNA+HOrZ7Mo7KZP02dC6LjghPQJeBsvXhJod/wnIBg=="],

    "lightningcss-linux-x64-gnu": ["lightningcss-linux-x64-gnu@1.32.0", "", { "os": "linux", "cpu": "x64" }, "sha512-V7Qr52IhZmdKPVr+Vtw8o+WLsQJYCTd8loIfpDaMRWGUZfBOYEJeyJIkqGIDMZPwPx24pUMfwSxxI8phr/MbOA=="],

    "lightningcss-linux-x64-musl": ["lightningcss-linux-x64-musl@1.32.0", "", { "os": "linux", "cpu": "x64" }, "sha512-bYcLp+Vb0awsiXg/80uCRezCYHNg1/l3mt0gzHnWV9XP1W5sKa5/TCdGWaR/zBM2PeF/HbsQv/j2URNOiVuxWg=="],

    "lightningcss-win32-arm64-msvc": ["lightningcss-win32-arm64-msvc@1.32.0", "", { "os": "win32", "cpu": "arm64" }, "sha512-8SbC8BR40pS6baCM8sbtYDSwEVQd4JlFTOlaD3gWGHfThTcABnNDBda6eTZeqbofalIJhFx0qKzgHJmcPTnGdw=="],

    "lightningcss-win32-x64-msvc": ["lightningcss-win32-x64-msvc@1.32.0", "", { "os": "win32", "cpu": "x64" }, "sha512-Amq9B/SoZYdDi1kFrojnoqPLxYhQ4Wo5XiL8EVJrVsB8ARoC1PWW6VGtT0WKCemjy8aC+louJnjS7U18x3b06Q=="],

    "marked": ["marked@14.0.0", "", { "bin": "bin/marked.js" }, "sha512-uIj4+faQ+MgHgwUW1l2PsPglZLOLOT1uErt06dAPtx2kjteLAkbsd/0FiYg/MGS+i7ZKLb7w2WClxHkzOOuryQ=="],

    "monaco-editor": ["@codingame/monaco-vscode-editor-api@36.0.0", "", { "dependencies": { "@codingame/monaco-vscode-api": "36.0.0" } }, "sha512-03v6l0Xw/vid3yL+pQCiHWWnbsaxaMaxSKJCWhI1BKQl7m6bwH47DOWYZcJC1N3r41VBT8PZHFfYknUnqZZ6zQ=="],

    "nanoid": ["nanoid@3.3.11", "", { "bin": "bin/nanoid.cjs" }, "sha512-N8SpfPUnUp1bK+PMYW8qSWdl9U+wwNWI4QKxOYDy9JAro3WMX7p2OeVRF9v+347pnakNevPmiHhNmZ2HbFA76w=="],

    "picocolors": ["picocolors@1.1.1", "", {}, "sha512-xceH2snhtb5M9liqDsmEw56le376mTZkEX/jEb/RxNFyegNul7eNslCXP9FDj/Lcu0X8KEyMceP2ntpaHrDEVA=="],

    "picomatch": ["picomatch@4.0.4", "", {}, "sha512-QP88BAKvMam/3NxH6vj2o21R6MjxZUAd6nlwAS/pnGvN9IVLocLHxGYIzFhg6fUQ+5th6P4dv4eW9jX3DSIj7A=="],

    "postcss": ["postcss@8.5.9", "", { "dependencies": { "nanoid": "^3.3.11", "picocolors": "^1.1.1", "source-map-js": "^1.2.1" } }, "sha512-7a70Nsot+EMX9fFU3064K/kdHWZqGVY+BADLyXc8Dfv+mTLLVl6JzJpPaCZ2kQL9gIJvKXSLMHhqdRRjwQeFtw=="],

    "rolldown": ["rolldown@1.0.0-rc.15", "", { "dependencies": { "@oxc-project/types": "=0.124.0", "@rolldown/pluginutils": "1.0.0-rc.15" }, "optionalDependencies": { "@rolldown/binding-android-arm64": "1.0.0-rc.15", "@rolldown/binding-darwin-arm64": "1.0.0-rc.15", "@rolldown/binding-darwin-x64": "1.0.0-rc.15", "@rolldown/binding-freebsd-x64": "1.0.0-rc.15", "@rolldown/binding-linux-arm-gnueabihf": "1.0.0-rc.15", "@rolldown/binding-linux-arm64-gnu": "1.0.0-rc.15", "@rolldown/binding-linux-arm64-musl": "1.0.0-rc.15", "@rolldown/binding-linux-ppc64-gnu": "1.0.0-rc.15", "@rolldown/binding-linux-s390x-gnu": "1.0.0-rc.15", "@rolldown/binding-linux-x64-gnu": "1.0.0-rc.15", "@rolldown/binding-linux-x64-musl": "1.0.0-rc.15", "@rolldown/binding-openharmony-arm64": "1.0.0-rc.15", "@rolldown/binding-wasm32-wasi": "1.0.0-rc.15", "@rolldown/binding-win32-arm64-msvc": "1.0.0-rc.15", "@rolldown/binding-win32-x64-msvc": "1.0.0-rc.15" }, "bin": { "rolldown": "bin/cli.mjs" } }, "sha512-Ff31guA5zT6WjnGp0SXw76X6hzGRk/OQq2hE+1lcDe+lJdHSgnSX6nK3erbONHyCbpSj9a9E+uX/OvytZoWp2g=="],

    "source-map-js": ["source-map-js@1.2.1", "", {}, "sha512-UXWMKhLOwVKb728IUtQPXxfYU+usdybtUrK/8uGE8CQMvrhOpwvzDBwj0QhSL7MQc7vIsISBG8VQ8+IDQxpfQA=="],

    "tinyglobby": ["tinyglobby@0.2.16", "", { "dependencies": { "fdir": "^6.5.0", "picomatch": "^4.0.4" } }, "sha512-pn99VhoACYR8nFHhxqix+uvsbXineAasWm5ojXoN8xEwK5Kd3/TrhNn1wByuD52UxWRLy8pu+kRMniEi6Eq9Zg=="],

    "tslib": ["tslib@2.8.1", "", {}, "sha512-oJFu94HQb+KVduSUQL7wnpmqnfmLsOA/nAh6b6EH0wCEoK0/mPeXU6c3wKDV83MkOuHPRHtSXKKU99IBazS/2w=="],

    "vite": ["vite@8.0.8", "", { "dependencies": { "lightningcss": "^1.32.0", "picomatch": "^4.0.4", "postcss": "^8.5.8", "rolldown": "1.0.0-rc.15", "tinyglobby": "^0.2.15" }, "optionalDependencies": { "fsevents": "~2.3.3" }, "peerDependencies": { "@types/node": "^20.19.0 || >=22.12.0", "@vitejs/devtools": "^0.1.0", "esbuild": "^0.27.0 || ^0.28.0", "jiti": ">=1.21.0", "less": "^4.0.0", "sass": "^1.70.0", "sass-embedded": "^1.70.0", "stylus": ">=0.54.8", "sugarss": "^5.0.0", "terser": "^5.16.0", "tsx": "^4.8.1", "yaml": "^2.4.2" }, "optionalPeers": ["@types/node", "@vitejs/devtools", "esbuild", "jiti", "less", "sass", "sass-embedded", "stylus", "sugarss", "terser", "tsx", "yaml"], "bin": { "vite": "bin/vite.js" } }, "sha512-dbU7/iLVa8KZALJyLOBOQ88nOXtNG8vxKuOT4I2mD+Ya70KPceF4IAmDsmU0h1Qsn5bPrvsY9HJstCRh3hG6Uw=="],

    "vscode-css-languageservice": ["vscode-css-languageservice@6.2.14", "", { "dependencies": { "@vscode/l10n": "^0.0.18", "vscode-languageserver-textdocument": "^1.0.11", "vscode-languageserver-types": "3.17.5", "vscode-uri": "^3.0.8" } }, "sha512-5UPQ9Y1sUTnuMyaMBpO7LrBkqjhEJb5eAwdUlDp+Uez8lry+Tspnk3+3p2qWS4LlNsr4p3v9WkZxUf1ltgFpgw=="],

    "vscode-html-languageservice": ["vscode-html-languageservice@5.2.0", "", { "dependencies": { "@vscode/l10n": "^0.0.18", "vscode-languageserver-textdocument": "^1.0.11", "vscode-languageserver-types": "^3.17.5", "vscode-uri": "^3.0.8" } }, "sha512-cdNMhyw57/SQzgUUGSIMQ66jikqEN6nBNyhx5YuOyj9310+eY9zw8Q0cXpiKzDX8aHYFewQEXRnigl06j/TVwQ=="],

    "vscode-json-languageservice": ["vscode-json-languageservice@5.3.11", "", { "dependencies": { "@vscode/l10n": "^0.0.18", "jsonc-parser": "^3.2.1", "vscode-languageserver-textdocument": "^1.0.11", "vscode-languageserver-types": "^3.17.5", "vscode-uri": "^3.0.8" } }, "sha512-WYS72Ymria3dn8ZbjtBbt5K71m05wY1Q6hpXV5JxUT0q75Ts0ljLmnZJAVpx8DjPgYbFD+Z8KHpWh2laKLUCtQ=="],

    "vscode-languageserver-textdocument": ["vscode-languageserver-textdocument@1.0.12", "", {}, "sha512-cxWNPesCnQCcMPeenjKKsOCKQZ/L6Tv19DTRIGuLWe32lyzWhihGVJ/rcckZXJxfdKCFvRLS3fpBIsV/ZGX4zA=="],

    "vscode-languageserver-types": ["vscode-languageserver-types@3.17.5", "", {}, "sha512-Ld1VelNuX9pdF39h2Hgaeb5hEZM2Z3jUrrMgWQAu82jMtZp7p3vJT3BzToKtZI7NgQssZje5o0zryOrhQvzQAg=="],

    "vscode-uri": ["vscode-uri@3.0.8", "", {}, "sha512-AyFQ0EVmsOZOlAnxoFOGOq1SQDWAB7C6aqMGS23svWAllfOaxbuFvcT8D1i8z3Gyn8fraVeZNNmN6e9bxxXkKw=="],
  }
}
