{
  "lockfileVersion": 1,
  "configVersion": 0,
  "workspaces": {
    "": {
      "dependencies": {
        "@codingame/monaco-vscode-all-language-default-extensions": "36.2.7",
        "@codingame/monaco-vscode-api": "36.2.7",
        "@codingame/monaco-vscode-languages-service-override": "36.2.7",
        "@codingame/monaco-vscode-standalone-css-language-features": "36.2.7",
        "@codingame/monaco-vscode-standalone-html-language-features": "36.2.7",
        "@codingame/monaco-vscode-standalone-json-language-features": "36.2.7",
        "@codingame/monaco-vscode-standalone-typescript-language-features": "36.2.7",
        "@codingame/monaco-vscode-textmate-service-override": "36.2.7",
        "@codingame/monaco-vscode-theme-defaults-default-extension": "36.2.7",
        "@codingame/monaco-vscode-theme-service-override": "36.2.7",
        "monaco-editor": "npm:@codingame/monaco-vscode-editor-api@36.2.7",
      },
      "devDependencies": {
        "vite": "^8.0.0",
      },
    },
  },
  "packages": {
    "@codingame/monaco-vscode-all-language-default-extensions": ["@codingame/monaco-vscode-all-language-default-extensions@36.2.7", "", { "dependencies": { "@codingame/monaco-vscode-bat-default-extension": "36.2.7", "@codingame/monaco-vscode-clojure-default-extension": "36.2.7", "@codingame/monaco-vscode-coffeescript-default-extension": "36.2.7", "@codingame/monaco-vscode-configuration-editing-default-extension": "36.2.7", "@codingame/monaco-vscode-cpp-default-extension": "36.2.7", "@codingame/monaco-vscode-csharp-default-extension": "36.2.7", "@codingame/monaco-vscode-css-default-extension": "36.2.7", "@codingame/monaco-vscode-dart-default-extension": "36.2.7", "@codingame/monaco-vscode-diff-default-extension": "36.2.7", "@codingame/monaco-vscode-docker-default-extension": "36.2.7", "@codingame/monaco-vscode-dotenv-default-extension": "36.2.7", "@codingame/monaco-vscode-extension-editing-default-extension": "36.2.7", "@codingame/monaco-vscode-fsharp-default-extension": "36.2.7", "@codingame/monaco-vscode-git-base-default-extension": "36.2.7", "@codingame/monaco-vscode-go-default-extension": "36.2.7", "@codingame/monaco-vscode-groovy-default-extension": "36.2.7", "@codingame/monaco-vscode-handlebars-default-extension": "36.2.7", "@codingame/monaco-vscode-hlsl-default-extension": "36.2.7", "@codingame/monaco-vscode-html-default-extension": "36.2.7", "@codingame/monaco-vscode-ini-default-extension": "36.2.7", "@codingame/monaco-vscode-java-default-extension": "36.2.7", "@codingame/monaco-vscode-javascript-default-extension": "36.2.7", "@codingame/monaco-vscode-json-default-extension": "36.2.7", "@codingame/monaco-vscode-julia-default-extension": "36.2.7", "@codingame/monaco-vscode-latex-default-extension": "36.2.7", "@codingame/monaco-vscode-less-default-extension": "36.2.7", "@codingame/monaco-vscode-log-default-extension": "36.2.7", "@codingame/monaco-vscode-lua-default-extension": "36.2.7", "@codingame/monaco-vscode-make-default-extension": "36.2.7", "@codingame/monaco-vscode-markdown-basics-default-extension": "36.2.7", "@codingame/monaco-vscode-markdown-math-default-extension": "36.2.7", "@codingame/monaco-vscode-npm-default-extension": "36.2.7", "@codingame/monaco-vscode-objective-c-default-extension": "36.2.7", "@codingame/monaco-vscode-perl-default-extension": "36.2.7", "@codingame/monaco-vscode-php-default-extension": "36.2.7", "@codingame/monaco-vscode-powershell-default-extension": "36.2.7", "@codingame/monaco-vscode-prompt-basics-default-extension": "36.2.7", "@codingame/monaco-vscode-pug-default-extension": "36.2.7", "@codingame/monaco-vscode-python-default-extension": "36.2.7", "@codingame/monaco-vscode-r-default-extension": "36.2.7", "@codingame/monaco-vscode-razor-default-extension": "36.2.7", "@codingame/monaco-vscode-restructuredtext-default-extension": "36.2.7", "@codingame/monaco-vscode-ruby-default-extension": "36.2.7", "@codingame/monaco-vscode-rust-default-extension": "36.2.7", "@codingame/monaco-vscode-scss-default-extension": "36.2.7", "@codingame/monaco-vscode-search-result-default-extension": "36.2.7", "@codingame/monaco-vscode-shaderlab-default-extension": "36.2.7", "@codingame/monaco-vscode-shellscript-default-extension": "36.2.7", "@codingame/monaco-vscode-sql-default-extension": "36.2.7", "@codingame/monaco-vscode-swift-default-extension": "36.2.7", "@codingame/monaco-vscode-typescript-basics-default-extension": "36.2.7", "@codingame/monaco-vscode-vb-default-extension": "36.2.7", "@codingame/monaco-vscode-xml-default-extension": "36.2.7", "@codingame/monaco-vscode-yaml-default-extension": "36.2.7" } }, "sha512-fzDhueVWveJX1AbS0AQ+QK2noVrGpuqVD8neRUv5is3BIqkia5KfUmLU+RdhD0XqR7Xm0uSFsYwzAgnd3fCMQA=="],

    "@codingame/monaco-vscode-api": ["@codingame/monaco-vscode-api@36.2.7", "", { "dependencies": { "@codingame/monaco-vscode-base-service-override": "36.2.7", "@codingame/monaco-vscode-environment-service-override": "36.2.7", "@codingame/monaco-vscode-extensions-service-override": "36.2.7", "@codingame/monaco-vscode-files-service-override": "36.2.7", "@codingame/monaco-vscode-host-service-override": "36.2.7", "@codingame/monaco-vscode-layout-service-override": "36.2.7", "@codingame/monaco-vscode-quickaccess-service-override": "36.2.7", "@vscode/diff": "0.0.2-7", "@vscode/iconv-lite-umd": "0.7.1", "dompurify": "3.4.14", "jschardet": "3.1.4", "marked": "14.0.0" } }, "sha512-QuJ2+zXizbxzr8ajFkVhdEnU/TIELZWJNT30hn8NDrsZzRLTUP+MiIcJi5VYSAwXPC2HkTigYIodWEXku/8NGQ=="],

    "@codingame/monaco-vscode-base-service-override": ["@codingame/monaco-vscode-base-service-override@36.2.7", "", { "dependencies": { "@codingame/monaco-vscode-api": "36.2.7" } }, "sha512-TPC4B6pEG32cv/HvVx0iFlKapAGTpPMCyen2whzVwTM9stDPi1f90AO3rQE1Fm//8AK+KZuboJEL2SUBjnOSDQ=="],

    "@codingame/monaco-vscode-bat-default-extension": ["@codingame/monaco-vscode-bat-default-extension@36.2.7", "", { "dependencies": { "@codingame/monaco-vscode-api": "36.2.7" } }, "sha512-kWm9elUGI8NlD3Huc7Pjs1PJwk+kDP+bIDN8trTgAthPOvzOFbuZZWbcLQidXDjCRXz59PLx2XCWNJP4hc5DKw=="],

    "@codingame/monaco-vscode-clojure-default-extension": ["@codingame/monaco-vscode-clojure-default-extension@36.2.7", "", { "dependencies": { "@codingame/monaco-vscode-api": "36.2.7" } }, "sha512-zgG3CqLngxwMgqxsDX79u2b9OteDGUd00oDnl5pRDzIZub51edTZgjVEeQfRcei94s74L3dHQZMyDYy33J+s9w=="],

    "@codingame/monaco-vscode-coffeescript-default-extension": ["@codingame/monaco-vscode-coffeescript-default-extension@36.2.7", "", { "dependencies": { "@codingame/monaco-vscode-api": "36.2.7" } }, "sha512-i9E8iDamyHhmZetQixdJdFZ5a+H78/z6NO9MXIl9hJo8XSFSzpd6ptJ7OH60+UYD4n5dURemb570Wmwsf/PvKg=="],

    "@codingame/monaco-vscode-configuration-editing-default-extension": ["@codingame/monaco-vscode-configuration-editing-default-extension@36.2.7", "", { "dependencies": { "@codingame/monaco-vscode-api": "36.2.7" } }, "sha512-BZGjPaUXmIMjr+STpgXfKREZtxOovMuw2CshVMLDRbbvSyvlEK6WpxE+P2DqKfZOxg2VFmpmKDcEC2KJjx9w0g=="],

    "@codingame/monaco-vscode-cpp-default-extension": ["@codingame/monaco-vscode-cpp-default-extension@36.2.7", "", { "dependencies": { "@codingame/monaco-vscode-api": "36.2.7" } }, "sha512-lEYSmJBUHOwUeo8PMjwx+VAA2Jh7Wxzafzs23aBJjGGJVax8AXITSmsq77mPso93SEc6rjefXc0dQfJodp7C7A=="],

    "@codingame/monaco-vscode-csharp-default-extension": ["@codingame/monaco-vscode-csharp-default-extension@36.2.7", "", { "dependencies": { "@codingame/monaco-vscode-api": "36.2.7" } }, "sha512-Qh4NP20w5FI4n6T2iOBdKg0pjE/Lp7fBqpmSCwtUu1s6ymc/Yi4STUDQwMUiP0fF3Jo0GCXXDlUru+N6ytz+fg=="],

    "@codingame/monaco-vscode-css-default-extension": ["@codingame/monaco-vscode-css-default-extension@36.2.7", "", { "dependencies": { "@codingame/monaco-vscode-api": "36.2.7" } }, "sha512-GExw86g9IUcl1txaDEzdxOvABJmdYOW0bXF7xLndZbzyQXf3W8SmJeEOn1ilSr5WMgP2pteVjsdFQphaxjXqyw=="],

    "@codingame/monaco-vscode-dart-default-extension": ["@codingame/monaco-vscode-dart-default-extension@36.2.7", "", { "dependencies": { "@codingame/monaco-vscode-api": "36.2.7" } }, "sha512-knpEvjJe1DBr+/eD55nFw5ANOVjrHNh2NJPLoYBdlwYGtOpOIrQmaUrpU83tmaJ1ploXcC7YxallgLu14+tY5w=="],

    "@codingame/monaco-vscode-diff-default-extension": ["@codingame/monaco-vscode-diff-default-extension@36.2.7", "", { "dependencies": { "@codingame/monaco-vscode-api": "36.2.7" } }, "sha512-xGmvspMSLaexc3H7dcgXfazgGAyRk+YSvkEEYyHH3xKFSkkpe5HF1pIQe37CHBe+n8mGh1FRdjwdaPucZq2UuQ=="],

    "@codingame/monaco-vscode-docker-default-extension": ["@codingame/monaco-vscode-docker-default-extension@36.2.7", "", { "dependencies": { "@codingame/monaco-vscode-api": "36.2.7" } }, "sha512-g8XSk0MZuOEdwZ+fqn7FQ4elpkx0UVW3AMsss9g62FSoB4j3/eMHOQ2EFuP6v6FxM1vZTGpa+RDRUuG14GGtOA=="],

    "@codingame/monaco-vscode-dotenv-default-extension": ["@codingame/monaco-vscode-dotenv-default-extension@36.2.7", "", { "dependencies": { "@codingame/monaco-vscode-api": "36.2.7" } }, "sha512-CfztUf6UG4EPllqdoNGkKKQpeediSgjbUeyz3UuxaPrlYPDht4VUJVwyNYGcpay/rIXbGwFcoACKj0JFWfbSfg=="],

    "@codingame/monaco-vscode-environment-service-override": ["@codingame/monaco-vscode-environment-service-override@36.2.7", "", { "dependencies": { "@codingame/monaco-vscode-api": "36.2.7" } }, "sha512-Itqtm2hF51peTIjpK3ieK4s2+hlTgGkUc4t9fX5sEvMvt3L8yu0pmtZbHdFJMQQohJfv57YCVyNPnIVqxiwtvg=="],

    "@codingame/monaco-vscode-extension-editing-default-extension": ["@codingame/monaco-vscode-extension-editing-default-extension@36.2.7", "", { "dependencies": { "@codingame/monaco-vscode-api": "36.2.7" } }, "sha512-sd3ZK47S1lbFSj/sJwwYl/p5L9g0ShcEUvSLQjVG+pkdGh5xkEEbsaFp4S780CCjtZ0q48y5aMql4DX8m+/2Sw=="],

    "@codingame/monaco-vscode-extensions-service-override": ["@codingame/monaco-vscode-extensions-service-override@36.2.7", "", { "dependencies": { "@codingame/monaco-vscode-api": "36.2.7", "@codingame/monaco-vscode-files-service-override": "36.2.7" } }, "sha512-HSd9K4HLRLWMygpXPaQ8FX953n7y2bbj/7/feGiEHEkdLKAsPbRre7f5iCL9Mcb+pn64UoXH+vjLUP5PE+Sw9g=="],

    "@codingame/monaco-vscode-files-service-override": ["@codingame/monaco-vscode-files-service-override@36.2.7", "", { "dependencies": { "@codingame/monaco-vscode-api": "36.2.7" } }, "sha512-KFNJVTlbN4wPG5e1SEo3EXvpte5VfUZZwip9QgJB72IpEulObmgSmRzm/NoC9uUP+E7SiPcC8KcNzQpKarf5pw=="],

    "@codingame/monaco-vscode-fsharp-default-extension": ["@codingame/monaco-vscode-fsharp-default-extension@36.2.7", "", { "dependencies": { "@codingame/monaco-vscode-api": "36.2.7" } }, "sha512-ITkxHKbIEcMmwbJbSZJCVBsjoPisBXm/1zSGgvmr+zF2h9NeW+nBRoQwMeColKYllIjej4RzhpaYKODK7yVCRg=="],

    "@codingame/monaco-vscode-git-base-default-extension": ["@codingame/monaco-vscode-git-base-default-extension@36.2.7", "", { "dependencies": { "@codingame/monaco-vscode-api": "36.2.7" } }, "sha512-gu4hkxwRMq2UItHbJhbvGV6fLZWnxBX/LaBatszWs4HI2TX8IRoHT2OyG4j305o4+tdATQqGdnGXWu6WMLoBxQ=="],

    "@codingame/monaco-vscode-go-default-extension": ["@codingame/monaco-vscode-go-default-extension@36.2.7", "", { "dependencies": { "@codingame/monaco-vscode-api": "36.2.7" } }, "sha512-vBVxP7jPlzZHt8NDAgti45jdtx7NsZy6JZgiuwqLfh1fyv9+DqNrlUe2ZDn5A7UE0cB35qp4LU6X9eDWCXapVw=="],

    "@codingame/monaco-vscode-groovy-default-extension": ["@codingame/monaco-vscode-groovy-default-extension@36.2.7", "", { "dependencies": { "@codingame/monaco-vscode-api": "36.2.7" } }, "sha512-1+A9RvjMINRgW+EdtiUgyYyr7FPEWkAKLcTVI1xShPMhdOTSX83bdGdHtzM7EETudyjCKLQ47JIZRZdu7DY03g=="],

    "@codingame/monaco-vscode-handlebars-default-extension": ["@codingame/monaco-vscode-handlebars-default-extension@36.2.7", "", { "dependencies": { "@codingame/monaco-vscode-api": "36.2.7" } }, "sha512-SmvWT7km2Rfnl3VMOxVH4+ghG3YDg/5GpnM2lnjRCTqyT4BtjPFCBDwfKlbs6CfVaKVUcV5Ya/VMjuOVCJqudA=="],

    "@codingame/monaco-vscode-hlsl-default-extension": ["@codingame/monaco-vscode-hlsl-default-extension@36.2.7", "", { "dependencies": { "@codingame/monaco-vscode-api": "36.2.7" } }, "sha512-Zf4PxDoComjOwEDc57jgUMcpquU2Yp8DJqRikZC28zOH5Ds/6OgPdoqkL3HOth9wUQAFdiNK/9sEZ8d2LouyQw=="],

    "@codingame/monaco-vscode-host-service-override": ["@codingame/monaco-vscode-host-service-override@36.2.7", "", { "dependencies": { "@codingame/monaco-vscode-api": "36.2.7" } }, "sha512-5v0OtzTRBx3YLJy2VdLUHPtZ1btLbHvctm7qpxKEO3EDbe8Rf78H9yF8++38I7m+IuAxfgnmoNMOI6qiBn6meg=="],

    "@codingame/monaco-vscode-html-default-extension": ["@codingame/monaco-vscode-html-default-extension@36.2.7", "", { "dependencies": { "@codingame/monaco-vscode-api": "36.2.7" } }, "sha512-CIDchWeF8hsD8ZrRuXQJT8s3p46fW8yPQssde0rU8srDrE0Oo6DXQE+hDbGW/VNIsKO0VbbsH6J8Tqmd/n2S1g=="],

    "@codingame/monaco-vscode-ini-default-extension": ["@codingame/monaco-vscode-ini-default-extension@36.2.7", "", { "dependencies": { "@codingame/monaco-vscode-api": "36.2.7" } }, "sha512-AYV4Ae50oSBECl00N8p/L50LJILTYZaIqCB48aXYLqh6OAUo7JiBuvYbqfEzeXStSre1infxZUE5yXk2Ja725g=="],

    "@codingame/monaco-vscode-java-default-extension": ["@codingame/monaco-vscode-java-default-extension@36.2.7", "", { "dependencies": { "@codingame/monaco-vscode-api": "36.2.7" } }, "sha512-ENFKPORQ4KVqAKTjCKdvMWszmYkeb6EZh6OKD+cGi/AnI58EQ42EuJhobIgP4z2emcFJowS5RoTacQ1tQ4DmEQ=="],

    "@codingame/monaco-vscode-javascript-default-extension": ["@codingame/monaco-vscode-javascript-default-extension@36.2.7", "", { "dependencies": { "@codingame/monaco-vscode-api": "36.2.7" } }, "sha512-mmyZHOuoay3GFa5o1ItjmVkKgF32KiY6wFxdUYcOMNalfEjdtZdsNguhmUPUqcdGisLsIbBAY98qRPWt9HJQzg=="],

    "@codingame/monaco-vscode-json-default-extension": ["@codingame/monaco-vscode-json-default-extension@36.2.7", "", { "dependencies": { "@codingame/monaco-vscode-api": "36.2.7" } }, "sha512-kb8yCuQK6HIzHBXg+EUFEArNyJwn3jN9lAvgLqxwxQi+9MsU0Vn5DcHQQIsUONVlY67JRBcEeCxbjGoJJe9O9A=="],

    "@codingame/monaco-vscode-julia-default-extension": ["@codingame/monaco-vscode-julia-default-extension@36.2.7", "", { "dependencies": { "@codingame/monaco-vscode-api": "36.2.7" } }, "sha512-eLPl98IEno6tjtTFBQdPQQBxmLQPFH5UKu80bzab2j02e+Zg1hZod/YYbfSBS+X0vgoOxwyGZ780HoFaVak+Ew=="],

    "@codingame/monaco-vscode-languages-service-override": ["@codingame/monaco-vscode-languages-service-override@36.2.7", "", { "dependencies": { "@codingame/monaco-vscode-api": "36.2.7", "@codingame/monaco-vscode-files-service-override": "36.2.7" } }, "sha512-Wk5fpgfQUEnDn6s/LCt+N/BXKvbGW17AsqHqa2yB6kXq/mGxSDl0eow3/47fMDx9spzEwaMWhKsTcIoeGAJ4BA=="],

    "@codingame/monaco-vscode-latex-default-extension": ["@codingame/monaco-vscode-latex-default-extension@36.2.7", "", { "dependencies": { "@codingame/monaco-vscode-api": "36.2.7" } }, "sha512-l+Urt+yd3vlo4uyBP36yvpWZXOFaOyKZomkaFLuXDCPaMY1M3Ua142esuTuyR8Xsf6T54RJ2Z3w1lQvKrUekDQ=="],

    "@codingame/monaco-vscode-layout-service-override": ["@codingame/monaco-vscode-layout-service-override@36.2.7", "", { "dependencies": { "@codingame/monaco-vscode-api": "36.2.7" } }, "sha512-wK3ww6mcL63x72JqePh2/ugnA7KarnRhuRSENbJWZCL9bh4dgEU9jXwljSJxEoufGiIjUd3hUaga9etT/JnkHQ=="],

    "@codingame/monaco-vscode-less-default-extension": ["@codingame/monaco-vscode-less-default-extension@36.2.7", "", { "dependencies": { "@codingame/monaco-vscode-api": "36.2.7" } }, "sha512-5eNFLTrAqY4/WY9qoyH90gldOYheK1p/qr82whkQmaxiBHViynqnZ306URuEFPL5NVVKxqayzFqc4M/tKCHNgQ=="],

    "@codingame/monaco-vscode-log-default-extension": ["@codingame/monaco-vscode-log-default-extension@36.2.7", "", { "dependencies": { "@codingame/monaco-vscode-api": "36.2.7" } }, "sha512-GhnXFKdB00OgwpvW1DrJmjXo8l54zirQUUbHWxdqMgJHkYmum4s4XtamRKZN/d1pGr6hNh8nvgzQWVZI5AyWSw=="],

    "@codingame/monaco-vscode-lua-default-extension": ["@codingame/monaco-vscode-lua-default-extension@36.2.7", "", { "dependencies": { "@codingame/monaco-vscode-api": "36.2.7" } }, "sha512-8EW8XhNFQeoJP3Kla7RjrPk0iQ1GfkwmjOT+FEwIfGIsa0+NvE7Yh2jFisjWjz78UFXorAg6Ia/lzFbMfaQpmg=="],

    "@codingame/monaco-vscode-make-default-extension": ["@codingame/monaco-vscode-make-default-extension@36.2.7", "", { "dependencies": { "@codingame/monaco-vscode-api": "36.2.7" } }, "sha512-tEhXB1UDw/l/cmVyqXMPFnv+6n0EmvSTJid4uoxY/Tjk3sqkFqmCkCdx9SdUMVkPTOSi2itu/vBv2LI+yIZqlw=="],

    "@codingame/monaco-vscode-markdown-basics-default-extension": ["@codingame/monaco-vscode-markdown-basics-default-extension@36.2.7", "", { "dependencies": { "@codingame/monaco-vscode-api": "36.2.7" } }, "sha512-3lvpSrxYYQBnQAHI5kMfEiH2R3ijRDb/7TZ+6ULfCudQ+SkqOF6g8VhNDz5KFUXOBIaUQeLfDbMHPh/CgYknbg=="],

    "@codingame/monaco-vscode-markdown-math-default-extension": ["@codingame/monaco-vscode-markdown-math-default-extension@36.2.7", "", { "dependencies": { "@codingame/monaco-vscode-api": "36.2.7" } }, "sha512-dKE1Qle9qed8owj5Fk+wEB9DGyNFkQuWDbl1OwAdgVhq1bveDjaw7joF1u90JmDNkP8rI5MaVkIk+3Zr034/yw=="],

    "@codingame/monaco-vscode-npm-default-extension": ["@codingame/monaco-vscode-npm-default-extension@36.2.7", "", { "dependencies": { "@codingame/monaco-vscode-api": "36.2.7" } }, "sha512-wXuSAShHF/NMLEafugKCkatJBKw4dvHGDfmRm57LH/7R17xGV0h7WrPO0HYtgTIo75A9VireEhsaNEX5cexA7w=="],

    "@codingame/monaco-vscode-objective-c-default-extension": ["@codingame/monaco-vscode-objective-c-default-extension@36.2.7", "", { "dependencies": { "@codingame/monaco-vscode-api": "36.2.7" } }, "sha512-9ZjsTAZPhhMuVuxmwQbYkxwT30XIOrZbAWqJ1+howp6J/xfXWZ85WUztVVM2+2eKaFKR4oc+0OmX++Yl74v2cA=="],

    "@codingame/monaco-vscode-perl-default-extension": ["@codingame/monaco-vscode-perl-default-extension@36.2.7", "", { "dependencies": { "@codingame/monaco-vscode-api": "36.2.7" } }, "sha512-VXHYILAvHkqLK1k4EBRa9wxMsnxuD8xeEQ/ApKvGkjLwdYdwzYLQO87ZwA/+Sgw5sFQi0agjvw70XWteseLsFw=="],

    "@codingame/monaco-vscode-php-default-extension": ["@codingame/monaco-vscode-php-default-extension@36.2.7", "", { "dependencies": { "@codingame/monaco-vscode-api": "36.2.7" } }, "sha512-KAhQzAfocRnPwsUdpdRP8CaPkibZbYC3wRV17eGRjK/tfxiAc65v9DoeB6vG5bKdRqaivjFO0jt1R8Z97zF8kA=="],

    "@codingame/monaco-vscode-powershell-default-extension": ["@codingame/monaco-vscode-powershell-default-extension@36.2.7", "", { "dependencies": { "@codingame/monaco-vscode-api": "36.2.7" } }, "sha512-MFtgnbwKEwefdI+3XU+yHVkgyxf7hOJIwwfio3QiOE1H9IWo17423479mRgORbLxYwNIFu5I0ZJpTSF6Q8mflQ=="],

    "@codingame/monaco-vscode-prompt-basics-default-extension": ["@codingame/monaco-vscode-prompt-basics-default-extension@36.2.7", "", { "dependencies": { "@codingame/monaco-vscode-api": "36.2.7" } }, "sha512-PEV8xYielBOxiW8qnEdkAw5Q+esIRcsh9sfCI00IJGwOanaxo41aUqhWrF4Z2iH4m/6Fq7u7a1YudwNTFwdMog=="],

    "@codingame/monaco-vscode-pug-default-extension": ["@codingame/monaco-vscode-pug-default-extension@36.2.7", "", { "dependencies": { "@codingame/monaco-vscode-api": "36.2.7" } }, "sha512-OUrQRzp25e+f+GhHX011zjhqmrUyntBwVAPg2Y2exE+9nRn5sElrvzb/xCp3eeIwGERsoRDgxLJePEb/evyzIg=="],

    "@codingame/monaco-vscode-python-default-extension": ["@codingame/monaco-vscode-python-default-extension@36.2.7", "", { "dependencies": { "@codingame/monaco-vscode-api": "36.2.7" } }, "sha512-xGdupE5GMCxCX6wgwlhh0ONjHBTe4SjGUr+K2L9+hZ7mbKgFp3w3Cck/eyneeP5FwVB9Qyjb4U6hmnw7ZhX0BA=="],

    "@codingame/monaco-vscode-quickaccess-service-override": ["@codingame/monaco-vscode-quickaccess-service-override@36.2.7", "", { "dependencies": { "@codingame/monaco-vscode-api": "36.2.7" } }, "sha512-6YCNvxLr+tgbrrd3m3bWoWyDpCnRsWp+/PF5MfBQQvp1k3pHO3l4h67xe5qHzQaIRsbme5zgC8yFtYXC9hqSFw=="],

    "@codingame/monaco-vscode-r-default-extension": ["@codingame/monaco-vscode-r-default-extension@36.2.7", "", { "dependencies": { "@codingame/monaco-vscode-api": "36.2.7" } }, "sha512-IfkkXRgfzAd8CcUr4L5+iXvGboFc32tdKm9ErQ/+Q8PAkObQXOO0jvefZxxbVqKqAIf/grUc0xPysVcnukEpgQ=="],

    "@codingame/monaco-vscode-razor-default-extension": ["@codingame/monaco-vscode-razor-default-extension@36.2.7", "", { "dependencies": { "@codingame/monaco-vscode-api": "36.2.7" } }, "sha512-XeslbVwudOrufmOMe/iyypTAluB6SjyqP4Lvq/KYv/F+iZYFIfwY2t70+tqj8Y+q7aHn8qPG0TisLMmQT9jB8Q=="],

    "@codingame/monaco-vscode-restructuredtext-default-extension": ["@codingame/monaco-vscode-restructuredtext-default-extension@36.2.7", "", { "dependencies": { "@codingame/monaco-vscode-api": "36.2.7" } }, "sha512-t+hz47YyIsBvwvcVlxqC71Nfz6PT1WVLdjg0preTkpT1QxIHHHkdXKVCulBgiXHJ1lYEjQUhmBmeWpbGSFUfBg=="],

    "@codingame/monaco-vscode-ruby-default-extension": ["@codingame/monaco-vscode-ruby-default-extension@36.2.7", "", { "dependencies": { "@codingame/monaco-vscode-api": "36.2.7" } }, "sha512-94aOl59FMZPDsC0Nh19U+0LwS+l6two9TijDaKRpVN3TBibLPG6o76YropKuVyl3zoJ6kPMK3p2LAJNUUDfHnA=="],

    "@codingame/monaco-vscode-rust-default-extension": ["@codingame/monaco-vscode-rust-default-extension@36.2.7", "", { "dependencies": { "@codingame/monaco-vscode-api": "36.2.7" } }, "sha512-TEEWDRDl3I2V7xHStRMHc5HKQKM2+Jzo7oOzXRgVU0KiVslsISVosJjPnuHjEAGhxzoTwDEfNcY7g7dsGq78HA=="],

    "@codingame/monaco-vscode-scss-default-extension": ["@codingame/monaco-vscode-scss-default-extension@36.2.7", "", { "dependencies": { "@codingame/monaco-vscode-api": "36.2.7" } }, "sha512-EPckspaPHrkIYS4gnpHbBhNQ8SVyk2q4Nwe7tyB1VeYkj19E+xxPGPJ8Vi8ljzb60eSFzVt2jINHHghG7P2cYw=="],

    "@codingame/monaco-vscode-search-result-default-extension": ["@codingame/monaco-vscode-search-result-default-extension@36.2.7", "", { "dependencies": { "@codingame/monaco-vscode-api": "36.2.7" } }, "sha512-EGqicIoaZkKtx08HiXfPCtEIFtlIjkOvpgJkJvFZvfpKr5UujZTLLVjFdphMkjn6th1iADPLsaYsmYDcHq5HFQ=="],

    "@codingame/monaco-vscode-shaderlab-default-extension": ["@codingame/monaco-vscode-shaderlab-default-extension@36.2.7", "", { "dependencies": { "@codingame/monaco-vscode-api": "36.2.7" } }, "sha512-HJF20uZM1ellK9cWdiQpVos+zV9I/6Gw/JZMverHaLHnIWaTvrzmigVTXVyoMhCSJ4zdyEBEUxhiJUyI7PeXgg=="],

    "@codingame/monaco-vscode-shellscript-default-extension": ["@codingame/monaco-vscode-shellscript-default-extension@36.2.7", "", { "dependencies": { "@codingame/monaco-vscode-api": "36.2.7" } }, "sha512-Y4rq5Y4sigDEq/d1eSk3xxLlnvDl66ZqN/K95pIAB+/LATfECpCC87z/DvV/mYJYCQkJ9btuTjl8xc9qB7TDEg=="],

    "@codingame/monaco-vscode-sql-default-extension": ["@codingame/monaco-vscode-sql-default-extension@36.2.7", "", { "dependencies": { "@codingame/monaco-vscode-api": "36.2.7" } }, "sha512-POozrZGws9QgOLmq7wXT8UZnss/RBb8ISbx+/i+sjL6Zn6A28zmNI/7+oPkEXxXjBufmkPs+M+VQ7iAx/sriUQ=="],

    "@codingame/monaco-vscode-standalone-css-language-features": ["@codingame/monaco-vscode-standalone-css-language-features@36.2.7", "", { "dependencies": { "monaco-editor": "npm:@codingame/monaco-vscode-editor-api@36.2.7", "vscode-css-languageservice": "6.2.14", "vscode-languageserver-textdocument": "1.0.12", "vscode-languageserver-types": "3.17.5" } }, "sha512-LLyt7Y7wSDC6veUHtUB7+s/jj62BRGJSFMs/C+GvZo25Lscg95wRInaAjavwiSa+xPTkm08NrK4cJYIxvmUlrg=="],

    "@codingame/monaco-vscode-standalone-html-language-features": ["@codingame/monaco-vscode-standalone-html-language-features@36.2.7", "", { "dependencies": { "monaco-editor": "npm:@codingame/monaco-vscode-editor-api@36.2.7", "vscode-html-languageservice": "5.2.0", "vscode-languageserver-textdocument": "1.0.12", "vscode-languageserver-types": "3.17.5" } }, "sha512-uXO+6Cs73KaHpbj9M6vTVXYtCJtXdxkPxl8bpQujX5YIKxiGzuM4fMunhDkiI3/fFy2rtEfWghdL5uu5AC7YOQ=="],

    "@codingame/monaco-vscode-standalone-json-language-features": ["@codingame/monaco-vscode-standalone-json-language-features@36.2.7", "", { "dependencies": { "jsonc-parser": "3.3.1", "monaco-editor": "npm:@codingame/monaco-vscode-editor-api@36.2.7", "vscode-json-languageservice": "5.3.11", "vscode-languageserver-textdocument": "1.0.12", "vscode-languageserver-types": "3.17.5", "vscode-uri": "3.0.8" } }, "sha512-QDjv0LieoLFNW8hkEfDm2jeQ8EKX8dVbSpeRpLNPSddICSPxX3jqiTUNOSG3WmxyLDMay5tQsJk3t2ejjIWHoA=="],

    "@codingame/monaco-vscode-standalone-typescript-language-features": ["@codingame/monaco-vscode-standalone-typescript-language-features@36.2.7", "", { "dependencies": { "monaco-editor": "npm:@codingame/monaco-vscode-editor-api@36.2.7" } }, "sha512-MbGWibuBamZWlGUDyJUv+A3W9kbImcjFcqk/9lsb2yI+AAfm5XAqvz21487dX07tyusjM1Nm2jVHTjScxP5mbQ=="],

    "@codingame/monaco-vscode-swift-default-extension": ["@codingame/monaco-vscode-swift-default-extension@36.2.7", "", { "dependencies": { "@codingame/monaco-vscode-api": "36.2.7" } }, "sha512-B/eDLsJKQ2U09D3Z0K78ziVNRUTP2SDMCrNW9MkI1uuyfhArAbhxg9ZWs1fqkZ7sEjChxByO0bbe5GRabehOwA=="],

    "@codingame/monaco-vscode-textmate-service-override": ["@codingame/monaco-vscode-textmate-service-override@36.2.7", "", { "dependencies": { "@codingame/monaco-vscode-api": "36.2.7", "@codingame/monaco-vscode-files-service-override": "36.2.7" } }, "sha512-uMyaxb8HGG1LOB0F4URAbQpjJxIe5UlGNz7Yd7q8jqlm97+45Whx+20oOkYnTzcP6YSy8auKs9mfFxh9IR0fmg=="],

    "@codingame/monaco-vscode-theme-defaults-default-extension": ["@codingame/monaco-vscode-theme-defaults-default-extension@36.2.7", "", { "dependencies": { "@codingame/monaco-vscode-api": "36.2.7" } }, "sha512-ev5Bws/cs8/b5sWS82S7UKjZ1WC4Om6CxwYXL1X26ASCBe/j77fn5e43ozF3VMG0YbQy4i/fKcWRGOjdYwNPDw=="],

    "@codingame/monaco-vscode-theme-service-override": ["@codingame/monaco-vscode-theme-service-override@36.2.7", "", { "dependencies": { "@codingame/monaco-vscode-api": "36.2.7", "@codingame/monaco-vscode-files-service-override": "36.2.7" } }, "sha512-iVGRtzrP78RRamkwhe/nO6jw9jD/1CIK+wpynIolgOB6cVcJiU7Srt//WhjPv3rBrhr053EwnBrgsKZN4ATTpg=="],

    "@codingame/monaco-vscode-typescript-basics-default-extension": ["@codingame/monaco-vscode-typescript-basics-default-extension@36.2.7", "", { "dependencies": { "@codingame/monaco-vscode-api": "36.2.7" } }, "sha512-lFV11O88tGFs2nOHb+5oek+145EBkPi61ORqZ8k30Ei7XHJIRxo9AoligDMVkyTMUbZLiCTPn2ZoVuYqXKutpQ=="],

    "@codingame/monaco-vscode-vb-default-extension": ["@codingame/monaco-vscode-vb-default-extension@36.2.7", "", { "dependencies": { "@codingame/monaco-vscode-api": "36.2.7" } }, "sha512-JiP59SnUq9GXJZuY6AIITdKb/2BIlyEVQeDRnR3WZapcmhXagOxtq9kmkkjpdOW+bWDvx3O5j+liJAaQopfv8A=="],

    "@codingame/monaco-vscode-xml-default-extension": ["@codingame/monaco-vscode-xml-default-extension@36.2.7", "", { "dependencies": { "@codingame/monaco-vscode-api": "36.2.7" } }, "sha512-qmmgq8Y6sjXVlAbn9m9xllwH5E/KO0DkbVimJ6vwi5T+Ni0H+NgBKQkWjhwydYEeF4brQsMN6XOuIaxoAwdM1Q=="],

    "@codingame/monaco-vscode-yaml-default-extension": ["@codingame/monaco-vscode-yaml-default-extension@36.2.7", "", { "dependencies": { "@codingame/monaco-vscode-api": "36.2.7" } }, "sha512-MYqRg7E2Q2G2XveUjpROTwwKP0AsA0d7G+UPbso3tpd9wPl/jhA8SdDnd5wYOFKH8xS9nvmk3WF5HJ4BkelgpQ=="],

    "@emnapi/core": ["@emnapi/core@1.9.2", "", { "dependencies": { "@emnapi/wasi-threads": "1.2.1", "tslib": "^2.4.0" } }, "sha512-UC+ZhH3XtczQYfOlu3lNEkdW/p4dsJ1r/bP7H8+rhao3TTTMO1ATq/4DdIi23XuGoFY+Cz0JmCbdVl0hz9jZcA=="],

    "@emnapi/runtime": ["@emnapi/runtime@1.9.2", "", { "dependencies": { "tslib": "^2.4.0" } }, "sha512-3U4+MIWHImeyu1wnmVygh5WlgfYDtyf0k8AbLhMFxOipihf6nrWC4syIm/SwEeec0mNSafiiNnMJwbza/Is6Lw=="],

    "@emnapi/wasi-threads": ["@emnapi/wasi-threads@1.2.1", "", { "dependencies": { "tslib": "^2.4.0" } }, "sha512-uTII7OYF+/Mes/MrcIOYp5yOtSMLBWSIoLPpcgwipoiKbli6k322tcoFsxoIIxPDqW01SQGAgko4EzZi2BNv2w=="],

    "@napi-rs/wasm-runtime": ["@napi-rs/wasm-runtime@1.1.3", "", { "dependencies": { "@tybys/wasm-util": "^0.10.1" }, "peerDependencies": { "@emnapi/core": "^1.7.1", "@emnapi/runtime": "^1.7.1" } }, "sha512-xK9sGVbJWYb08+mTJt3/YV24WxvxpXcXtP6B172paPZ+Ts69Re9dAr7lKwJoeIx8OoeuimEiRZ7umkiUVClmmQ=="],

    "@oxc-project/types": ["@oxc-project/types@0.124.0", "", {}, "sha512-VBFWMTBvHxS11Z5Lvlr3IWgrwhMTXV+Md+EQF0Xf60+wAdsGFTBx7X7K/hP4pi8N7dcm1RvcHwDxZ16Qx8keUg=="],

    "@rolldown/binding-android-arm64": ["@rolldown/binding-android-arm64@1.0.0-rc.15", "", { "os": "android", "cpu": "arm64" }, "sha512-YYe6aWruPZDtHNpwu7+qAHEMbQ/yRl6atqb/AhznLTnD3UY99Q1jE7ihLSahNWkF4EqRPVC4SiR4O0UkLK02tA=="],

    "@rolldown/binding-darwin-arm64": ["@rolldown/binding-darwin-arm64@1.0.0-rc.15", "", { "os": "darwin", "cpu": "arm64" }, "sha512-oArR/ig8wNTPYsXL+Mzhs0oxhxfuHRfG7Ikw7jXsw8mYOtk71W0OkF2VEVh699pdmzjPQsTjlD1JIOoHkLP1Fg=="],

    "@rolldown/binding-darwin-x64": ["@rolldown/binding-darwin-x64@1.0.0-rc.15", "", { "os": "darwin", "cpu": "x64" }, "sha512-YzeVqOqjPYvUbJSWJ4EDL8ahbmsIXQpgL3JVipmN+MX0XnXMeWomLN3Fb+nwCmP/jfyqte5I3XRSm7OfQrbyxw=="],

    "@rolldown/binding-freebsd-x64": ["@rolldown/binding-freebsd-x64@1.0.0-rc.15", "", { "os": "freebsd", "cpu": "x64" }, "sha512-9Erhx956jeQ0nNTyif1+QWAXDRD38ZNjr//bSHrt6wDwB+QkAfl2q6Mn1k6OBPerznjRmbM10lgRb1Pli4xZPw=="],

    "@rolldown/binding-linux-arm-gnueabihf": ["@rolldown/binding-linux-arm-gnueabihf@1.0.0-rc.15", "", { "os": "linux", "cpu": "arm" }, "sha512-cVwk0w8QbZJGTnP/AHQBs5yNwmpgGYStL88t4UIaqcvYJWBfS0s3oqVLZPwsPU6M0zlW4GqjP0Zq5MnAGwFeGA=="],

    "@rolldown/binding-linux-arm64-gnu": ["@rolldown/binding-linux-arm64-gnu@1.0.0-rc.15", "", { "os": "linux", "cpu": "arm64" }, "sha512-eBZ/u8iAK9SoHGanqe/jrPnY0JvBN6iXbVOsbO38mbz+ZJsaobExAm1Iu+rxa4S1l2FjG0qEZn4Rc6X8n+9M+w=="],

    "@rolldown/binding-linux-arm64-musl": ["@rolldown/binding-linux-arm64-musl@1.0.0-rc.15", "", { "os": "linux", "cpu": "arm64" }, "sha512-ZvRYMGrAklV9PEkgt4LQM6MjQX2P58HPAuecwYObY2DhS2t35R0I810bKi0wmaYORt6m/2Sm+Z+nFgb0WhXNcQ=="],

    "@rolldown/binding-linux-ppc64-gnu": ["@rolldown/binding-linux-ppc64-gnu@1.0.0-rc.15", "", { "os": "linux", "cpu": "ppc64" }, "sha512-VDpgGBzgfg5hLg+uBpCLoFG5kVvEyafmfxGUV0UHLcL5irxAK7PKNeC2MwClgk6ZAiNhmo9FLhRYgvMmedLtnQ=="],

    "@rolldown/binding-linux-s390x-gnu": ["@rolldown/binding-linux-s390x-gnu@1.0.0-rc.15", "", { "os": "linux", "cpu": "s390x" }, "sha512-y1uXY3qQWCzcPgRJATPSOUP4tCemh4uBdY7e3EZbVwCJTY3gLJWnQABgeUetvED+bt1FQ01OeZwvhLS2bpNrAQ=="],

    "@rolldown/binding-linux-x64-gnu": ["@rolldown/binding-linux-x64-gnu@1.0.0-rc.15", "", { "os": "linux", "cpu": "x64" }, "sha512-023bTPBod7J3Y/4fzAN6QtpkSABR0rigtrwaP+qSEabUh5zf6ELr9Nc7GujaROuPY3uwdSIXWrvhn1KxOvurWA=="],

    "@rolldown/binding-linux-x64-musl": ["@rolldown/binding-linux-x64-musl@1.0.0-rc.15", "", { "os": "linux", "cpu": "x64" }, "sha512-witB2O0/hU4CgfOOKUoeFgQ4GktPi1eEbAhaLAIpgD6+ZnhcPkUtPsoKKHRzmOoWPZue46IThdSgdo4XneOLYw=="],

    "@rolldown/binding-openharmony-arm64": ["@rolldown/binding-openharmony-arm64@1.0.0-rc.15", "", { "os": "none", "cpu": "arm64" }, "sha512-UCL68NJ0Ud5zRipXZE9dF5PmirzJE4E4BCIOOssEnM7wLDsxjc6Qb0sGDxTNRTP53I6MZpygyCpY8Aa8sPfKPg=="],

    "@rolldown/binding-wasm32-wasi": ["@rolldown/binding-wasm32-wasi@1.0.0-rc.15", "", { "dependencies": { "@emnapi/core": "1.9.2", "@emnapi/runtime": "1.9.2", "@napi-rs/wasm-runtime": "^1.1.3" }, "cpu": "none" }, "sha512-ApLruZq/ig+nhaE7OJm4lDjayUnOHVUa77zGeqnqZ9pn0ovdVbbNPerVibLXDmWeUZXjIYIT8V3xkT58Rm9u5Q=="],

    "@rolldown/binding-win32-arm64-msvc": ["@rolldown/binding-win32-arm64-msvc@1.0.0-rc.15", "", { "os": "win32", "cpu": "arm64" }, "sha512-KmoUoU7HnN+Si5YWJigfTws1jz1bKBYDQKdbLspz0UaqjjFkddHsqorgiW1mxcAj88lYUE6NC/zJNwT+SloqtA=="],

    "@rolldown/binding-win32-x64-msvc": ["@rolldown/binding-win32-x64-msvc@1.0.0-rc.15", "", { "os": "win32", "cpu": "x64" }, "sha512-3P2A8L+x75qavWLe/Dll3EYBJLQmtkJN8rfh+U/eR3MqMgL/h98PhYI+JFfXuDPgPeCB7iZAKiqii5vqOvnA0g=="],

    "@rolldown/pluginutils": ["@rolldown/pluginutils@1.0.0-rc.15", "", {}, "sha512-UromN0peaE53IaBRe9W7CjrZgXl90fqGpK+mIZbA3qSTeYqg3pqpROBdIPvOG3F5ereDHNwoHBI2e50n1BDr1g=="],

    "@tybys/wasm-util": ["@tybys/wasm-util@0.10.1", "", { "dependencies": { "tslib": "^2.4.0" } }, "sha512-9tTaPJLSiejZKx+Bmog4uSubteqTvFrVrURwkmHixBo0G4seD0zUxp98E1DzUBJxLQ3NPwXrGKDiVjwx/DpPsg=="],

    "@types/trusted-types": ["@types/trusted-types@2.0.7", "", {}, "sha512-ScaPdn1dQczgbl0QFTeTOmVHFULt394XJgOQNoyVhZ6r2vLnMLJfBPd53SB52T/3G36VI1/g2MZaX0cwDuXsfw=="],

    "@vscode/diff": ["@vscode/diff@0.0.2-7", "", {}, "sha512-zGPIPeUAmQs79u7g6FTLmhlXFIocUTtuHYmCV5lRZf6vlDk7SWEOpBlYY6SsShC3TB/lm2KxXMj9tP32YOPrhg=="],

    "@vscode/iconv-lite-umd": ["@vscode/iconv-lite-umd@0.7.1", "", {}, "sha512-tK6k0DXFHW7q5+GGuGZO+phpAqpxO4WXl+BLc/8/uOk3RsM2ssAL3CQUQDb1TGfwltjsauhN6S4ghYZzs4sPFw=="],

    "@vscode/l10n": ["@vscode/l10n@0.0.18", "", {}, "sha512-KYSIHVmslkaCDyw013pphY+d7x1qV8IZupYfeIfzNA+nsaWHbn5uPuQRvdRFsa9zFzGeudPuoGoZ1Op4jrJXIQ=="],

    "detect-libc": ["detect-libc@2.1.2", "", {}, "sha512-Btj2BOOO83o3WyH59e8MgXsxEQVcarkUOpEYrubB0urwnN10yQ364rsiByU11nZlqWYZm05i/of7io4mzihBtQ=="],

    "dompurify": ["dompurify@3.4.14", "", { "optionalDependencies": { "@types/trusted-types": "^2.0.7" } }, "sha512-dVoH9z+MY+C9IilgGCk3YfFqjLi3fChm2OiKJMzh6axrJ5qwxqWaZamgmHrpv22CN/KdbZJuGEGgfQoL00LTdg=="],

    "fdir": ["fdir@6.5.0", "", { "peerDependencies": { "picomatch": "^3 || ^4" } }, "sha512-tIbYtZbucOs0BRGqPJkshJUYdL+SDH7dVM8gjy+ERp3WAUjLEFJE+02kanyHtwjWOnwrKYBiwAmM0p4kLJAnXg=="],

    "fsevents": ["fsevents@2.3.3", "", { "os": "darwin" }, "sha512-5xoDfX+fL7faATnagmWPpbFtwh/R77WmMMqqHGS65C3vvB0YHrgF+B1YmZ3441tMj5n63k0212XNoJwzlhffQw=="],

    "jschardet": ["jschardet@3.1.4", "", {}, "sha512-/kmVISmrwVwtyYU40iQUOp3SUPk2dhNCMsZBQX0R1/jZ8maaXJ/oZIzUOiyOqcgtLnETFKYChbJ5iDC/eWmFHg=="],

    "jsonc-parser": ["jsonc-parser@3.3.1", "", {}, "sha512-HUgH65KyejrUFPvHFPbqOY0rsFip3Bo5wb4ngvdi1EpCYWUQDC5V+Y7mZws+DLkr4M//zQJoanu1SP+87Dv1oQ=="],

    "lightningcss": ["lightningcss@1.32.0", "", { "dependencies": { "detect-libc": "^2.0.3" }, "optionalDependencies": { "lightningcss-android-arm64": "1.32.0", "lightningcss-darwin-arm64": "1.32.0", "lightningcss-darwin-x64": "1.32.0", "lightningcss-freebsd-x64": "1.32.0", "lightningcss-linux-arm-gnueabihf": "1.32.0", "lightningcss-linux-arm64-gnu": "1.32.0", "lightningcss-linux-arm64-musl": "1.32.0", "lightningcss-linux-x64-gnu": "1.32.0", "lightningcss-linux-x64-musl": "1.32.0", "lightningcss-win32-arm64-msvc": "1.32.0", "lightningcss-win32-x64-msvc": "1.32.0" } }, "sha512-NXYBzinNrblfraPGyrbPoD19C1h9lfI/1mzgWYvXUTe414Gz/X1FD2XBZSZM7rRTrMA8JL3OtAaGifrIKhQ5yQ=="],

    "lightningcss-android-arm64": ["lightningcss-android-arm64@1.32.0", "", { "os": "android", "cpu": "arm64" }, "sha512-YK7/ClTt4kAK0vo6w3X+Pnm0D2cf2vPHbhOXdoNti1Ga0al1P4TBZhwjATvjNwLEBCnKvjJc2jQgHXH0NEwlAg=="],

    "lightningcss-darwin-arm64": ["lightningcss-darwin-arm64@1.32.0", "", { "os": "darwin", "cpu": "arm64" }, "sha512-RzeG9Ju5bag2Bv1/lwlVJvBE3q6TtXskdZLLCyfg5pt+HLz9BqlICO7LZM7VHNTTn/5PRhHFBSjk5lc4cmscPQ=="],

    "lightningcss-darwin-x64": ["lightningcss-darwin-x64@1.32.0", "", { "os": "darwin", "cpu": "x64" }, "sha512-U+QsBp2m/s2wqpUYT/6wnlagdZbtZdndSmut/NJqlCcMLTWp5muCrID+K5UJ6jqD2BFshejCYXniPDbNh73V8w=="],

    "lightningcss-freebsd-x64": ["lightningcss-freebsd-x64@1.32.0", "", { "os": "freebsd", "cpu": "x64" }, "sha512-JCTigedEksZk3tHTTthnMdVfGf61Fky8Ji2E4YjUTEQX14xiy/lTzXnu1vwiZe3bYe0q+SpsSH/CTeDXK6WHig=="],

    "lightningcss-linux-arm-gnueabihf": ["lightningcss-linux-arm-gnueabihf@1.32.0", "", { "os": "linux", "cpu": "arm" }, "sha512-x6rnnpRa2GL0zQOkt6rts3YDPzduLpWvwAF6EMhXFVZXD4tPrBkEFqzGowzCsIWsPjqSK+tyNEODUBXeeVHSkw=="],

    "lightningcss-linux-arm64-gnu": ["lightningcss-linux-arm64-gnu@1.32.0", "", { "os": "linux", "cpu": "arm64" }, "sha512-0nnMyoyOLRJXfbMOilaSRcLH3Jw5z9HDNGfT/gwCPgaDjnx0i8w7vBzFLFR1f6CMLKF8gVbebmkUN3fa/kQJpQ=="],

    "lightningcss-linux-arm64-musl": ["lightningcss-linux-arm64-musl@1.32.0", "", { "os": "linux", "cpu": "arm64" }, "sha512-UpQkoenr4UJEzgVIYpI80lDFvRmPVg6oqboNHfoH4CQIfNA+HOrZ7Mo7KZP02dC6LjghPQJeBsvXhJod/wnIBg=="],

    "lightningcss-linux-x64-gnu": ["lightningcss-linux-x64-gnu@1.32.0", "", { "os": "linux", "cpu": "x64" }, "sha512-V7Qr52IhZmdKPVr+Vtw8o+WLsQJYCTd8loIfpDaMRWGUZfBOYEJeyJIkqGIDMZPwPx24pUMfwSxxI8phr/MbOA=="],

    "lightningcss-linux-x64-musl": ["lightningcss-linux-x64-musl@1.32.0", "", { "os": "linux", "cpu": "x64" }, "sha512-bYcLp+Vb0awsiXg/80uCRezCYHNg1/l3mt0gzHnWV9XP1W5sKa5/TCdGWaR/zBM2PeF/HbsQv/j2URNOiVuxWg=="],

    "lightningcss-win32-arm64-msvc": ["lightningcss-win32-arm64-msvc@1.32.0", "", { "os": "win32", "cpu": "arm64" }, "sha512-8SbC8BR40pS6baCM8sbtYDSwEVQd4JlFTOlaD3gWGHfThTcABnNDBda6eTZeqbofalIJhFx0qKzgHJmcPTnGdw=="],

    "lightningcss-win32-x64-msvc": ["lightningcss-win32-x64-msvc@1.32.0", "", { "os": "win32", "cpu": "x64" }, "sha512-Amq9B/SoZYdDi1kFrojnoqPLxYhQ4Wo5XiL8EVJrVsB8ARoC1PWW6VGtT0WKCemjy8aC+louJnjS7U18x3b06Q=="],

    "marked": ["marked@14.0.0", "", { "bin": "bin/marked.js" }, "sha512-uIj4+faQ+MgHgwUW1l2PsPglZLOLOT1uErt06dAPtx2kjteLAkbsd/0FiYg/MGS+i7ZKLb7w2WClxHkzOOuryQ=="],

    "monaco-editor": ["@codingame/monaco-vscode-editor-api@36.2.7", "", { "dependencies": { "@codingame/monaco-vscode-api": "36.2.7" } }, "sha512-I/dFKu5W28aCLwqewS3M9MlMuhLr6g/S/7YxM2wXTtGWMu65zWSvbWi6FYLZIeqqaOIXVZtZ6qYdPBxwZwzAlA=="],

    "nanoid": ["nanoid@3.3.11", "", { "bin": "bin/nanoid.cjs" }, "sha512-N8SpfPUnUp1bK+PMYW8qSWdl9U+wwNWI4QKxOYDy9JAro3WMX7p2OeVRF9v+347pnakNevPmiHhNmZ2HbFA76w=="],

    "picocolors": ["picocolors@1.1.1", "", {}, "sha512-xceH2snhtb5M9liqDsmEw56le376mTZkEX/jEb/RxNFyegNul7eNslCXP9FDj/Lcu0X8KEyMceP2ntpaHrDEVA=="],

    "picomatch": ["picomatch@4.0.4", "", {}, "sha512-QP88BAKvMam/3NxH6vj2o21R6MjxZUAd6nlwAS/pnGvN9IVLocLHxGYIzFhg6fUQ+5th6P4dv4eW9jX3DSIj7A=="],

    "postcss": ["postcss@8.5.9", "", { "dependencies": { "nanoid": "^3.3.11", "picocolors": "^1.1.1", "source-map-js": "^1.2.1" } }, "sha512-7a70Nsot+EMX9fFU3064K/kdHWZqGVY+BADLyXc8Dfv+mTLLVl6JzJpPaCZ2kQL9gIJvKXSLMHhqdRRjwQeFtw=="],

    "rolldown": ["rolldown@1.0.0-rc.15", "", { "dependencies": { "@oxc-project/types": "=0.124.0", "@rolldown/pluginutils": "1.0.0-rc.15" }, "optionalDependencies": { "@rolldown/binding-android-arm64": "1.0.0-rc.15", "@rolldown/binding-darwin-arm64": "1.0.0-rc.15", "@rolldown/binding-darwin-x64": "1.0.0-rc.15", "@rolldown/binding-freebsd-x64": "1.0.0-rc.15", "@rolldown/binding-linux-arm-gnueabihf": "1.0.0-rc.15", "@rolldown/binding-linux-arm64-gnu": "1.0.0-rc.15", "@rolldown/binding-linux-arm64-musl": "1.0.0-rc.15", "@rolldown/binding-linux-ppc64-gnu": "1.0.0-rc.15", "@rolldown/binding-linux-s390x-gnu": "1.0.0-rc.15", "@rolldown/binding-linux-x64-gnu": "1.0.0-rc.15", "@rolldown/binding-linux-x64-musl": "1.0.0-rc.15", "@rolldown/binding-openharmony-arm64": "1.0.0-rc.15", "@rolldown/binding-wasm32-wasi": "1.0.0-rc.15", "@rolldown/binding-win32-arm64-msvc": "1.0.0-rc.15", "@rolldown/binding-win32-x64-msvc": "1.0.0-rc.15" }, "bin": { "rolldown": "bin/cli.mjs" } }, "sha512-Ff31guA5zT6WjnGp0SXw76X6hzGRk/OQq2hE+1lcDe+lJdHSgnSX6nK3erbONHyCbpSj9a9E+uX/OvytZoWp2g=="],

    "source-map-js": ["source-map-js@1.2.1", "", {}, "sha512-UXWMKhLOwVKb728IUtQPXxfYU+usdybtUrK/8uGE8CQMvrhOpwvzDBwj0QhSL7MQc7vIsISBG8VQ8+IDQxpfQA=="],

    "tinyglobby": ["tinyglobby@0.2.16", "", { "dependencies": { "fdir": "^6.5.0", "picomatch": "^4.0.4" } }, "sha512-pn99VhoACYR8nFHhxqix+uvsbXineAasWm5ojXoN8xEwK5Kd3/TrhNn1wByuD52UxWRLy8pu+kRMniEi6Eq9Zg=="],

    "tslib": ["tslib@2.8.1", "", {}, "sha512-oJFu94HQb+KVduSUQL7wnpmqnfmLsOA/nAh6b6EH0wCEoK0/mPeXU6c3wKDV83MkOuHPRHtSXKKU99IBazS/2w=="],

    "vite": ["vite@8.0.8", "", { "dependencies": { "lightningcss": "^1.32.0", "picomatch": "^4.0.4", "postcss": "^8.5.8", "rolldown": "1.0.0-rc.15", "tinyglobby": "^0.2.15" }, "optionalDependencies": { "fsevents": "~2.3.3" }, "peerDependencies": { "@types/node": "^20.19.0 || >=22.12.0", "@vitejs/devtools": "^0.1.0", "esbuild": "^0.27.0 || ^0.28.0", "jiti": ">=1.21.0", "less": "^4.0.0", "sass": "^1.70.0", "sass-embedded": "^1.70.0", "stylus": ">=0.54.8", "sugarss": "^5.0.0", "terser": "^5.16.0", "tsx": "^4.8.1", "yaml": "^2.4.2" }, "optionalPeers": ["@types/node", "@vitejs/devtools", "esbuild", "jiti", "less", "sass", "sass-embedded", "stylus", "sugarss", "terser", "tsx", "yaml"], "bin": { "vite": "bin/vite.js" } }, "sha512-dbU7/iLVa8KZALJyLOBOQ88nOXtNG8vxKuOT4I2mD+Ya70KPceF4IAmDsmU0h1Qsn5bPrvsY9HJstCRh3hG6Uw=="],

    "vscode-css-languageservice": ["vscode-css-languageservice@6.2.14", "", { "dependencies": { "@vscode/l10n": "^0.0.18", "vscode-languageserver-textdocument": "^1.0.11", "vscode-languageserver-types": "3.17.5", "vscode-uri": "^3.0.8" } }, "sha512-5UPQ9Y1sUTnuMyaMBpO7LrBkqjhEJb5eAwdUlDp+Uez8lry+Tspnk3+3p2qWS4LlNsr4p3v9WkZxUf1ltgFpgw=="],

    "vscode-html-languageservice": ["vscode-html-languageservice@5.2.0", "", { "dependencies": { "@vscode/l10n": "^0.0.18", "vscode-languageserver-textdocument": "^1.0.11", "vscode-languageserver-types": "^3.17.5", "vscode-uri": "^3.0.8" } }, "sha512-cdNMhyw57/SQzgUUGSIMQ66jikqEN6nBNyhx5YuOyj9310+eY9zw8Q0cXpiKzDX8aHYFewQEXRnigl06j/TVwQ=="],

    "vscode-json-languageservice": ["vscode-json-languageservice@5.3.11", "", { "dependencies": { "@vscode/l10n": "^0.0.18", "jsonc-parser": "^3.2.1", "vscode-languageserver-textdocument": "^1.0.11", "vscode-languageserver-types": "^3.17.5", "vscode-uri": "^3.0.8" } }, "sha512-WYS72Ymria3dn8ZbjtBbt5K71m05wY1Q6hpXV5JxUT0q75Ts0ljLmnZJAVpx8DjPgYbFD+Z8KHpWh2laKLUCtQ=="],

    "vscode-languageserver-textdocument": ["vscode-languageserver-textdocument@1.0.12", "", {}, "sha512-cxWNPesCnQCcMPeenjKKsOCKQZ/L6Tv19DTRIGuLWe32lyzWhihGVJ/rcckZXJxfdKCFvRLS3fpBIsV/ZGX4zA=="],

    "vscode-languageserver-types": ["vscode-languageserver-types@3.17.5", "", {}, "sha512-Ld1VelNuX9pdF39h2Hgaeb5hEZM2Z3jUrrMgWQAu82jMtZp7p3vJT3BzToKtZI7NgQssZje5o0zryOrhQvzQAg=="],

    "vscode-uri": ["vscode-uri@3.0.8", "", {}, "sha512-AyFQ0EVmsOZOlAnxoFOGOq1SQDWAB7C6aqMGS23svWAllfOaxbuFvcT8D1i8z3Gyn8fraVeZNNmN6e9bxxXkKw=="],
  }
}
