{
  "lockfileVersion": 1,
  "configVersion": 0,
  "workspaces": {
    "": {
      "dependencies": {
        "@codingame/monaco-vscode-all-language-default-extensions": "31.0.1",
        "@codingame/monaco-vscode-api": "31.0.1",
        "@codingame/monaco-vscode-languages-service-override": "31.0.1",
        "@codingame/monaco-vscode-standalone-css-language-features": "31.0.1",
        "@codingame/monaco-vscode-standalone-html-language-features": "31.0.1",
        "@codingame/monaco-vscode-standalone-json-language-features": "31.0.1",
        "@codingame/monaco-vscode-standalone-typescript-language-features": "31.0.1",
        "@codingame/monaco-vscode-textmate-service-override": "31.0.1",
        "@codingame/monaco-vscode-theme-defaults-default-extension": "31.0.1",
        "@codingame/monaco-vscode-theme-service-override": "31.0.1",
        "monaco-editor": "npm:@codingame/monaco-vscode-editor-api@31.0.1",
      },
      "devDependencies": {
        "vite": "^8.0.0",
      },
    },
  },
  "packages": {
    "@codingame/monaco-vscode-all-language-default-extensions": ["@codingame/monaco-vscode-all-language-default-extensions@31.0.1", "", { "dependencies": { "@codingame/monaco-vscode-bat-default-extension": "31.0.1", "@codingame/monaco-vscode-clojure-default-extension": "31.0.1", "@codingame/monaco-vscode-coffeescript-default-extension": "31.0.1", "@codingame/monaco-vscode-configuration-editing-default-extension": "31.0.1", "@codingame/monaco-vscode-cpp-default-extension": "31.0.1", "@codingame/monaco-vscode-csharp-default-extension": "31.0.1", "@codingame/monaco-vscode-css-default-extension": "31.0.1", "@codingame/monaco-vscode-dart-default-extension": "31.0.1", "@codingame/monaco-vscode-diff-default-extension": "31.0.1", "@codingame/monaco-vscode-docker-default-extension": "31.0.1", "@codingame/monaco-vscode-dotenv-default-extension": "31.0.1", "@codingame/monaco-vscode-extension-editing-default-extension": "31.0.1", "@codingame/monaco-vscode-fsharp-default-extension": "31.0.1", "@codingame/monaco-vscode-git-base-default-extension": "31.0.1", "@codingame/monaco-vscode-go-default-extension": "31.0.1", "@codingame/monaco-vscode-groovy-default-extension": "31.0.1", "@codingame/monaco-vscode-handlebars-default-extension": "31.0.1", "@codingame/monaco-vscode-hlsl-default-extension": "31.0.1", "@codingame/monaco-vscode-html-default-extension": "31.0.1", "@codingame/monaco-vscode-ini-default-extension": "31.0.1", "@codingame/monaco-vscode-java-default-extension": "31.0.1", "@codingame/monaco-vscode-javascript-default-extension": "31.0.1", "@codingame/monaco-vscode-json-default-extension": "31.0.1", "@codingame/monaco-vscode-julia-default-extension": "31.0.1", "@codingame/monaco-vscode-latex-default-extension": "31.0.1", "@codingame/monaco-vscode-less-default-extension": "31.0.1", "@codingame/monaco-vscode-log-default-extension": "31.0.1", "@codingame/monaco-vscode-lua-default-extension": "31.0.1", "@codingame/monaco-vscode-make-default-extension": "31.0.1", "@codingame/monaco-vscode-markdown-basics-default-extension": "31.0.1", "@codingame/monaco-vscode-markdown-math-default-extension": "31.0.1", "@codingame/monaco-vscode-npm-default-extension": "31.0.1", "@codingame/monaco-vscode-objective-c-default-extension": "31.0.1", "@codingame/monaco-vscode-perl-default-extension": "31.0.1", "@codingame/monaco-vscode-php-default-extension": "31.0.1", "@codingame/monaco-vscode-powershell-default-extension": "31.0.1", "@codingame/monaco-vscode-prompt-basics-default-extension": "31.0.1", "@codingame/monaco-vscode-pug-default-extension": "31.0.1", "@codingame/monaco-vscode-python-default-extension": "31.0.1", "@codingame/monaco-vscode-r-default-extension": "31.0.1", "@codingame/monaco-vscode-razor-default-extension": "31.0.1", "@codingame/monaco-vscode-restructuredtext-default-extension": "31.0.1", "@codingame/monaco-vscode-ruby-default-extension": "31.0.1", "@codingame/monaco-vscode-rust-default-extension": "31.0.1", "@codingame/monaco-vscode-scss-default-extension": "31.0.1", "@codingame/monaco-vscode-search-result-default-extension": "31.0.1", "@codingame/monaco-vscode-shaderlab-default-extension": "31.0.1", "@codingame/monaco-vscode-shellscript-default-extension": "31.0.1", "@codingame/monaco-vscode-sql-default-extension": "31.0.1", "@codingame/monaco-vscode-swift-default-extension": "31.0.1", "@codingame/monaco-vscode-typescript-basics-default-extension": "31.0.1", "@codingame/monaco-vscode-vb-default-extension": "31.0.1", "@codingame/monaco-vscode-xml-default-extension": "31.0.1", "@codingame/monaco-vscode-yaml-default-extension": "31.0.1" } }, "sha512-gfFGExPi3uxt04scP38zKWZMslW21t7GQoPxkZFbKA+5/LtFUW5cfg761mRAwpZUuRFkqTFTbSjmQor1JIh4PQ=="],

    "@codingame/monaco-vscode-api": ["@codingame/monaco-vscode-api@31.0.1", "", { "dependencies": { "@codingame/monaco-vscode-base-service-override": "31.0.1", "@codingame/monaco-vscode-environment-service-override": "31.0.1", "@codingame/monaco-vscode-extensions-service-override": "31.0.1", "@codingame/monaco-vscode-files-service-override": "31.0.1", "@codingame/monaco-vscode-host-service-override": "31.0.1", "@codingame/monaco-vscode-layout-service-override": "31.0.1", "@codingame/monaco-vscode-quickaccess-service-override": "31.0.1", "@vscode/iconv-lite-umd": "0.7.1", "dompurify": "3.4.1", "jschardet": "3.1.4", "marked": "14.0.0" } }, "sha512-ZvNruAV3e594knX+Q9ugoP5SnrwrFLKnvLSzZGuoRxrBWpnMn5AhWHWVFWlgfsVoATf87fFUZGLyS32xIsbhHw=="],

    "@codingame/monaco-vscode-base-service-override": ["@codingame/monaco-vscode-base-service-override@31.0.1", "", { "dependencies": { "@codingame/monaco-vscode-api": "31.0.1" } }, "sha512-ypFJzuTwhP2x/+BAeMe33GlCtwDRSMv6QRfC/+7vHYaPwv2AfHZY6ExZABLtyHImB7OTSWJeCK81ocjtH0vR6A=="],

    "@codingame/monaco-vscode-bat-default-extension": ["@codingame/monaco-vscode-bat-default-extension@31.0.1", "", { "dependencies": { "@codingame/monaco-vscode-api": "31.0.1" } }, "sha512-IDh0P3w1C+H4lRoDm6pUoJubg+HY6/v4DVOKKQZ2lho95LwJug6ozUsACO6Gcf8O9BiCuYnKEklSemqxEf6Tig=="],

    "@codingame/monaco-vscode-clojure-default-extension": ["@codingame/monaco-vscode-clojure-default-extension@31.0.1", "", { "dependencies": { "@codingame/monaco-vscode-api": "31.0.1" } }, "sha512-95OxjmodItksUDTPJfI9qbxSVq9QbzOexFNqn6V2CDrQaQX8mY19blbxE2b5BgbWJR0WCe0aTPulwLBEunWhPQ=="],

    "@codingame/monaco-vscode-coffeescript-default-extension": ["@codingame/monaco-vscode-coffeescript-default-extension@31.0.1", "", { "dependencies": { "@codingame/monaco-vscode-api": "31.0.1" } }, "sha512-3kfexykxYHxbFVlbSB3mW4VXr0CSizJ4VwzOLAHEdBNsV5oy7RbjETcSralk4g5IuuVOY5PBV8x4LfXboGdtSw=="],

    "@codingame/monaco-vscode-configuration-editing-default-extension": ["@codingame/monaco-vscode-configuration-editing-default-extension@31.0.1", "", { "dependencies": { "@codingame/monaco-vscode-api": "31.0.1" } }, "sha512-Fbz57zmrpqpp2NEORbJoxZpgqBuwcA/8FJTgGpvmDciss4Hk3RQTwfb8XpdP7sKydeTj7IAgrBLglUE95NEXfg=="],

    "@codingame/monaco-vscode-cpp-default-extension": ["@codingame/monaco-vscode-cpp-default-extension@31.0.1", "", { "dependencies": { "@codingame/monaco-vscode-api": "31.0.1" } }, "sha512-mO7UR/jFssemQM9IXsxmGk/MoRHeshRp9May9yrPtc7eVekVqFi+7UxCam3pQu0Q93MJSqxn69FK/YgWU4n0EA=="],

    "@codingame/monaco-vscode-csharp-default-extension": ["@codingame/monaco-vscode-csharp-default-extension@31.0.1", "", { "dependencies": { "@codingame/monaco-vscode-api": "31.0.1" } }, "sha512-pO7kT/vkEvZKW6HZ/l+5iGh0R6f05y2gpl6SH2BFtloVpX3ZWHWX0cBB0jGlCTC7PYhyo+EAke5Fw5I3MG3IEg=="],

    "@codingame/monaco-vscode-css-default-extension": ["@codingame/monaco-vscode-css-default-extension@31.0.1", "", { "dependencies": { "@codingame/monaco-vscode-api": "31.0.1" } }, "sha512-7VWmqdT4VZj4iQs4M+aBL1OTGd4sBRKgJQigAHU1JbccC/gFTbP7V/v6lZEAh65Uut7ahEu4eQsLXfxUivGRwA=="],

    "@codingame/monaco-vscode-dart-default-extension": ["@codingame/monaco-vscode-dart-default-extension@31.0.1", "", { "dependencies": { "@codingame/monaco-vscode-api": "31.0.1" } }, "sha512-9YLlGwTTXv5gyNe9jfgn3e+V7t7yzEYaobhnzOzGontjVf2RvNFwYCDg2RFdtO6+pPck07fVEO+vSqXk+/dwbQ=="],

    "@codingame/monaco-vscode-diff-default-extension": ["@codingame/monaco-vscode-diff-default-extension@31.0.1", "", { "dependencies": { "@codingame/monaco-vscode-api": "31.0.1" } }, "sha512-cjddwKeUBzWGmy9xW8aqoAJbj8FyIIeCywTclec46CC2i+ZWFC9TilIqCPorwu0FZ2csCG221OkbPhPoNfqOEw=="],

    "@codingame/monaco-vscode-docker-default-extension": ["@codingame/monaco-vscode-docker-default-extension@31.0.1", "", { "dependencies": { "@codingame/monaco-vscode-api": "31.0.1" } }, "sha512-E+gEceWI5rjlCMrzxF/nKJhEcKPVYjtNzA7Z2ooyX64GhPgp14iLMJ0LZsUaVtj325M1GfpQFMgWcCi7VJHncQ=="],

    "@codingame/monaco-vscode-dotenv-default-extension": ["@codingame/monaco-vscode-dotenv-default-extension@31.0.1", "", { "dependencies": { "@codingame/monaco-vscode-api": "31.0.1" } }, "sha512-3ox5zWVU93XiOaJXPg3nANJkFdyaMbkpNqPuqQ3ARVONgmyPAcxX7Z/IlPQBZbAfpZmhbDcPRROtJt4Ly7aoOA=="],

    "@codingame/monaco-vscode-environment-service-override": ["@codingame/monaco-vscode-environment-service-override@31.0.1", "", { "dependencies": { "@codingame/monaco-vscode-api": "31.0.1" } }, "sha512-E5Hpg8kIxG9TmbZM3e3qqxUorzcTZJWtbp9FU7ezKuxeUr5lmeRhrFIjjpBcS0HDM4Gr7cY/Wc6h8Y32NIo7HQ=="],

    "@codingame/monaco-vscode-extension-editing-default-extension": ["@codingame/monaco-vscode-extension-editing-default-extension@31.0.1", "", { "dependencies": { "@codingame/monaco-vscode-api": "31.0.1" } }, "sha512-VnPxCBpcHODIC0Jf7dwUt35XwgQDmiopKldWW9c2rNKztD4ADYXzcrp4y/WbqEB1c3FjcizWL558GV/H0vFehA=="],

    "@codingame/monaco-vscode-extensions-service-override": ["@codingame/monaco-vscode-extensions-service-override@31.0.1", "", { "dependencies": { "@codingame/monaco-vscode-api": "31.0.1", "@codingame/monaco-vscode-files-service-override": "31.0.1" } }, "sha512-tIOhsT2mr6UIfqzyDGU5w0nXubQKa5g96LxYdZnFkAjLRkRg8jU349Wst2fVTRe7UHzM7nTddoFJm5jvB2zd6g=="],

    "@codingame/monaco-vscode-files-service-override": ["@codingame/monaco-vscode-files-service-override@31.0.1", "", { "dependencies": { "@codingame/monaco-vscode-api": "31.0.1" } }, "sha512-scRcbTQg/riMEI7gHG1t/fosLRwFhP7uEpdijqv7fX2Ib0dzfCwWTeo+0KlrQu3yEoC4asXHazm5FDJytcH3Xw=="],

    "@codingame/monaco-vscode-fsharp-default-extension": ["@codingame/monaco-vscode-fsharp-default-extension@31.0.1", "", { "dependencies": { "@codingame/monaco-vscode-api": "31.0.1" } }, "sha512-zpaWosixuxc1FYqoVKPw8u7cGCDotWh5A3t31g+iPC/oHi7It5L7UMkiSnJ7g14HTe6EZdMlWKByvmHu54hmrw=="],

    "@codingame/monaco-vscode-git-base-default-extension": ["@codingame/monaco-vscode-git-base-default-extension@31.0.1", "", { "dependencies": { "@codingame/monaco-vscode-api": "31.0.1" } }, "sha512-TtfPr07doD1BhEgXTNcxO9El0mAZqt+uJEyZCERBorrFtaDPk3kbfYfcVK1emVNFXsOu9XT7Y7U4d+AGXd0XqA=="],

    "@codingame/monaco-vscode-go-default-extension": ["@codingame/monaco-vscode-go-default-extension@31.0.1", "", { "dependencies": { "@codingame/monaco-vscode-api": "31.0.1" } }, "sha512-gdyS/PfTBObgDur66LfFVSRFfdGz+i/T1gwamyaOdDIUj+6DyBCoU9wjjalqAKRglqf3TZ55J7PM3CHlDa7yVA=="],

    "@codingame/monaco-vscode-groovy-default-extension": ["@codingame/monaco-vscode-groovy-default-extension@31.0.1", "", { "dependencies": { "@codingame/monaco-vscode-api": "31.0.1" } }, "sha512-1XStirz+Oha0CvQdNq1HVWF9f3W7MPzF3mUG9bRRLyoqcNS2tyQzrab+q3ktxzUUOqOTvsn+nyPxH9+uLhFt2Q=="],

    "@codingame/monaco-vscode-handlebars-default-extension": ["@codingame/monaco-vscode-handlebars-default-extension@31.0.1", "", { "dependencies": { "@codingame/monaco-vscode-api": "31.0.1" } }, "sha512-8gSTE2oEEotZ2oWXbgb1mzxXn5Z3rjHVhyibNxSKjmeUz3GlSKHio0+cn6c8DI6Isa6ylDj5YlrbuooCOqilWg=="],

    "@codingame/monaco-vscode-hlsl-default-extension": ["@codingame/monaco-vscode-hlsl-default-extension@31.0.1", "", { "dependencies": { "@codingame/monaco-vscode-api": "31.0.1" } }, "sha512-RzEgMYffDDiLwcb5hDBPIHz1DZosbT+4jHa+rerT5U3aopc7j6BS4SXDBs6PtgsLg/Hd1GpL4s1pxdj6wzuvDA=="],

    "@codingame/monaco-vscode-host-service-override": ["@codingame/monaco-vscode-host-service-override@31.0.1", "", { "dependencies": { "@codingame/monaco-vscode-api": "31.0.1" } }, "sha512-jM+T/k4wemPDOaoyBSln+pkwhjGiuR/ov1KhVBUjOntrnU/fqq6CuaDd9LWqf8Aq2/9rn1iEjlAsGp9C3acLoA=="],

    "@codingame/monaco-vscode-html-default-extension": ["@codingame/monaco-vscode-html-default-extension@31.0.1", "", { "dependencies": { "@codingame/monaco-vscode-api": "31.0.1" } }, "sha512-eQ+U3mDTB4QR3jc+tWmEkFpSRgD5KC4e3lb2CPeFcOXesWIEcsy6zNMuqtOslHSvurOw7XiZPq4HS/DtMOSvwQ=="],

    "@codingame/monaco-vscode-ini-default-extension": ["@codingame/monaco-vscode-ini-default-extension@31.0.1", "", { "dependencies": { "@codingame/monaco-vscode-api": "31.0.1" } }, "sha512-khSuIP8klZj9jq/bEYK4ZQ2oi70kCMvUwhI5wdtXmgZn8Q0kzI9rN1+Q3YvrAO+PaUmq9xNKiEkVQkERkGH3uQ=="],

    "@codingame/monaco-vscode-java-default-extension": ["@codingame/monaco-vscode-java-default-extension@31.0.1", "", { "dependencies": { "@codingame/monaco-vscode-api": "31.0.1" } }, "sha512-bNuwIQHL+nvLFU+5K7/82xdCMwSgGPJFWPIl6YvGt68NEA5xY7p2Fbp1s854VGKY0R/AWwlMsCOM46XwOM09Ww=="],

    "@codingame/monaco-vscode-javascript-default-extension": ["@codingame/monaco-vscode-javascript-default-extension@31.0.1", "", { "dependencies": { "@codingame/monaco-vscode-api": "31.0.1" } }, "sha512-9ZX6A+QNolqb5rmiR9H0rB4m10zZe0ptubCOlN08kSCM/OqC1tsGUZTG8PgCOb8XccbYqZQQiiL67sDR7RKNRA=="],

    "@codingame/monaco-vscode-json-default-extension": ["@codingame/monaco-vscode-json-default-extension@31.0.1", "", { "dependencies": { "@codingame/monaco-vscode-api": "31.0.1" } }, "sha512-v5k95l0boCgIU6JCWxKr4yTWM0pl/TFHaCXefR5VSOw0lvoQO+BqCzRBm2Xyc9EXL4f3jfDtyD7qjAjft/bU+g=="],

    "@codingame/monaco-vscode-julia-default-extension": ["@codingame/monaco-vscode-julia-default-extension@31.0.1", "", { "dependencies": { "@codingame/monaco-vscode-api": "31.0.1" } }, "sha512-LEyRPEQi8Q5SKwYWfNd11X0be5t43pWh7COwrFVVh2g2zxe0b4rPxZsIMOqJBEMhFk6gF7UFjA0yQITcF2Tcwg=="],

    "@codingame/monaco-vscode-languages-service-override": ["@codingame/monaco-vscode-languages-service-override@31.0.1", "", { "dependencies": { "@codingame/monaco-vscode-api": "31.0.1", "@codingame/monaco-vscode-files-service-override": "31.0.1" } }, "sha512-zGtJz+J/4xgkMTNoZY+jc6rSl23KFx2cYU808UmcOsJyVnTsLAMxigcE+0oK4C56d3lKL8j4s27Io+dtizMwhQ=="],

    "@codingame/monaco-vscode-latex-default-extension": ["@codingame/monaco-vscode-latex-default-extension@31.0.1", "", { "dependencies": { "@codingame/monaco-vscode-api": "31.0.1" } }, "sha512-Ry84FCHkKmUvRKvenq8uEk9Ovh+UbENKVAh11wb0kCY2mbgOhl1UNBMGvCknCbjzj8OWVvOEBhTr1+U5qMt/0A=="],

    "@codingame/monaco-vscode-layout-service-override": ["@codingame/monaco-vscode-layout-service-override@31.0.1", "", { "dependencies": { "@codingame/monaco-vscode-api": "31.0.1" } }, "sha512-fbio+xRryvaambNaWuy89OUl6hj5YJxPUL/pMNd+NdLhmy+buWsKIazG3Afe607QroNOPu9S1HM85RQM1W0h1A=="],

    "@codingame/monaco-vscode-less-default-extension": ["@codingame/monaco-vscode-less-default-extension@31.0.1", "", { "dependencies": { "@codingame/monaco-vscode-api": "31.0.1" } }, "sha512-73X5rnBBBQa99F9JT8K+0V/wc832v/V9uHO8bEgRNUQBq8HU0RKxHj4geb0oWvxwSlRkcjtxkg3Dgr4CbiQEaA=="],

    "@codingame/monaco-vscode-log-default-extension": ["@codingame/monaco-vscode-log-default-extension@31.0.1", "", { "dependencies": { "@codingame/monaco-vscode-api": "31.0.1" } }, "sha512-9MX/GzszOGpACinO6DpDaewwnr5i3c+TN4Bco+3117Kviq4pxyWSekigvjFFsZlx4jolEmYk/kTDpUftgrFb0Q=="],

    "@codingame/monaco-vscode-lua-default-extension": ["@codingame/monaco-vscode-lua-default-extension@31.0.1", "", { "dependencies": { "@codingame/monaco-vscode-api": "31.0.1" } }, "sha512-UgHGK4kwZgY1JQK4kH1ETC86ZiyUg0l6sYOqRDlspmSmzFCU1S12jkOS7GVd2c7XukTzvrYizPrU90+gFDtS4g=="],

    "@codingame/monaco-vscode-make-default-extension": ["@codingame/monaco-vscode-make-default-extension@31.0.1", "", { "dependencies": { "@codingame/monaco-vscode-api": "31.0.1" } }, "sha512-Ya1Lyq97YS5GYHcYI5u76Ud34EwgD4qF7ptmDL5Ys+EwR+tvLptmKBn0XbK0bcGEZZfApVMlZ3Nt1Vk691n9xQ=="],

    "@codingame/monaco-vscode-markdown-basics-default-extension": ["@codingame/monaco-vscode-markdown-basics-default-extension@31.0.1", "", { "dependencies": { "@codingame/monaco-vscode-api": "31.0.1" } }, "sha512-Yk/79E0mh9MPvoHvkE9AgYTbwg/u7C0HXeHVK0fWN27IpdI266rrRMaHm9TLcuLZsfAi3C0HK/l8JvGcPOVgdw=="],

    "@codingame/monaco-vscode-markdown-math-default-extension": ["@codingame/monaco-vscode-markdown-math-default-extension@31.0.1", "", { "dependencies": { "@codingame/monaco-vscode-api": "31.0.1" } }, "sha512-AOhp7a1KSL5EM76H+6on7akustxzhbcxhHOyPH//nw7k8tthK2HwGQHhPSWL8oYmbTXbpqK6WKrNUarHTjIWOw=="],

    "@codingame/monaco-vscode-npm-default-extension": ["@codingame/monaco-vscode-npm-default-extension@31.0.1", "", { "dependencies": { "@codingame/monaco-vscode-api": "31.0.1" } }, "sha512-nhYnijKHRKPRR75hUH86ADXSte3AXuw8Xw9vcXorliDaX8G5VNg0XTOEMxEhf/y0KuvwduPY+8npIi1/A9cKdA=="],

    "@codingame/monaco-vscode-objective-c-default-extension": ["@codingame/monaco-vscode-objective-c-default-extension@31.0.1", "", { "dependencies": { "@codingame/monaco-vscode-api": "31.0.1" } }, "sha512-Os7Vw17ON8Nd8PJ/6LwqsElY5Xrea/8DQFb314c8UOf6SK0FSvyDfty09/LjDw6fCMLIlaeVx9+lt//R25P41A=="],

    "@codingame/monaco-vscode-perl-default-extension": ["@codingame/monaco-vscode-perl-default-extension@31.0.1", "", { "dependencies": { "@codingame/monaco-vscode-api": "31.0.1" } }, "sha512-gPTKDtDJydfATZ1DDCRBh48dwqMJJjh9pUUsSSwKW24/NU8ALXxR6E8yuvtE4dQADPcVDYkOcV5h77iN7am7+Q=="],

    "@codingame/monaco-vscode-php-default-extension": ["@codingame/monaco-vscode-php-default-extension@31.0.1", "", { "dependencies": { "@codingame/monaco-vscode-api": "31.0.1" } }, "sha512-msMDgmpT/B1IXL4sgKNgkyL0nYpJA6HppJqxRx1tiXqkaAd6Spp80Z7CIXV8+OomNbZAddfOQkOkym0Eircw5w=="],

    "@codingame/monaco-vscode-powershell-default-extension": ["@codingame/monaco-vscode-powershell-default-extension@31.0.1", "", { "dependencies": { "@codingame/monaco-vscode-api": "31.0.1" } }, "sha512-yVbeUQt8u2saHAkagsznSGdm3TG33S9T4273ZlUXINEg0l2ZNMCJEPKvoAGDo6iPiruTsV9NkGSUaS7t3Ixh4Q=="],

    "@codingame/monaco-vscode-prompt-basics-default-extension": ["@codingame/monaco-vscode-prompt-basics-default-extension@31.0.1", "", { "dependencies": { "@codingame/monaco-vscode-api": "31.0.1" } }, "sha512-HT4OfK3/yYQBoUCs6+4iCJEDubZpPtB19eYhLMpjJ+aathekEJCE8TIC+ppWvp7EhA35/kpRFed9neCLHOAItA=="],

    "@codingame/monaco-vscode-pug-default-extension": ["@codingame/monaco-vscode-pug-default-extension@31.0.1", "", { "dependencies": { "@codingame/monaco-vscode-api": "31.0.1" } }, "sha512-c2uwCQEB1pVGAy0C4+S5JbdWjqtrv6PZgOOzKr3rEXEzchVNViAHeO1rviZqovQiIgq6AHLLKLFzdg0g9wlAJA=="],

    "@codingame/monaco-vscode-python-default-extension": ["@codingame/monaco-vscode-python-default-extension@31.0.1", "", { "dependencies": { "@codingame/monaco-vscode-api": "31.0.1" } }, "sha512-MFclrUHinW/q6wdn06DUUmAi7S3nb9dSh6AbHi4WnOsrKd5oc0HnRvF2lJxPxdbfYGYF+/H/qnchLZgXktvsOw=="],

    "@codingame/monaco-vscode-quickaccess-service-override": ["@codingame/monaco-vscode-quickaccess-service-override@31.0.1", "", { "dependencies": { "@codingame/monaco-vscode-api": "31.0.1" } }, "sha512-muU05JyiVTW6M6fQhxCtfED989BojAtYLToQu1LXCghFPjkoUaX2fmT5w1wcz7CBUZaTH8GTMuqaxV0fn752aA=="],

    "@codingame/monaco-vscode-r-default-extension": ["@codingame/monaco-vscode-r-default-extension@31.0.1", "", { "dependencies": { "@codingame/monaco-vscode-api": "31.0.1" } }, "sha512-rnxal8a3r2UqkdtILZx0IRq2XU1zy5mpc4W97qG57ZvhGm+PdmP9TPHmwDFW9Nf1CObH4KNLv9/IG5Dk20pzLw=="],

    "@codingame/monaco-vscode-razor-default-extension": ["@codingame/monaco-vscode-razor-default-extension@31.0.1", "", { "dependencies": { "@codingame/monaco-vscode-api": "31.0.1" } }, "sha512-ys7c6VE6GnBfZdjfo4c0vQaeQsqd2YAjW3g1kJKb8jTtiWAQ34yEvkB7FTEgb/EKRRVDqkYrezY0cbkLINyPpQ=="],

    "@codingame/monaco-vscode-restructuredtext-default-extension": ["@codingame/monaco-vscode-restructuredtext-default-extension@31.0.1", "", { "dependencies": { "@codingame/monaco-vscode-api": "31.0.1" } }, "sha512-QpgwU3aC47Q8o8zlwed7wB1parv3yMZX7L9t6pquPO5EVvso4KaynpKw6TqqaY6ylijGIkw3Aw1XIX8BCrPDfw=="],

    "@codingame/monaco-vscode-ruby-default-extension": ["@codingame/monaco-vscode-ruby-default-extension@31.0.1", "", { "dependencies": { "@codingame/monaco-vscode-api": "31.0.1" } }, "sha512-7MaZTPYiP9mSm3CTxK/IVQeW4If70HXVmA6GT0A/2kzDkMg+DewJsQw9u3H2lL4duHgdmkDlNZFAH14bTvYhNw=="],

    "@codingame/monaco-vscode-rust-default-extension": ["@codingame/monaco-vscode-rust-default-extension@31.0.1", "", { "dependencies": { "@codingame/monaco-vscode-api": "31.0.1" } }, "sha512-TecxwKt2OQ16D8ZBYrbjWifaSbyg01vvkXiisq2aIXQcelY7skqD8KggBir28QUuxMmK01bJr+x8vlia98FKGA=="],

    "@codingame/monaco-vscode-scss-default-extension": ["@codingame/monaco-vscode-scss-default-extension@31.0.1", "", { "dependencies": { "@codingame/monaco-vscode-api": "31.0.1" } }, "sha512-DXBDKI+Sav+FUSN8fFEXp7UFsCSYitHAUzpJPq7qKI1nZgRoPwF2A8rGvmlWeI70VFdJqe0elJ6v929I8bqG9A=="],

    "@codingame/monaco-vscode-search-result-default-extension": ["@codingame/monaco-vscode-search-result-default-extension@31.0.1", "", { "dependencies": { "@codingame/monaco-vscode-api": "31.0.1" } }, "sha512-NHHdkWXFRDtAl/CStdAOebrBeUvdIeI375Qc8rV/fOw8Kp0HZvTc+qx55BarY2TzD0LfA/gQnPYUKZ/p8hvAvw=="],

    "@codingame/monaco-vscode-shaderlab-default-extension": ["@codingame/monaco-vscode-shaderlab-default-extension@31.0.1", "", { "dependencies": { "@codingame/monaco-vscode-api": "31.0.1" } }, "sha512-dRgF5+NpS3qu6Rj9r85UZ/f3wdiU29hEFBHUZibOZFhNtkAOQE+Dspam/wssgafCGP5Q9bY236xY25TpKksLhg=="],

    "@codingame/monaco-vscode-shellscript-default-extension": ["@codingame/monaco-vscode-shellscript-default-extension@31.0.1", "", { "dependencies": { "@codingame/monaco-vscode-api": "31.0.1" } }, "sha512-WGYxIsQU2eb4c7jjiH09HdF0qO/PI+7VJrETg1VuhuJlhm8fZ5CCunwilfUHvOny4kwS0h3LmxTibMzHRf8LRQ=="],

    "@codingame/monaco-vscode-sql-default-extension": ["@codingame/monaco-vscode-sql-default-extension@31.0.1", "", { "dependencies": { "@codingame/monaco-vscode-api": "31.0.1" } }, "sha512-fUj9gmmpz+jShDqt/VAq9/wwc5s20uxSlZdAzDXCx+cxrLSTSjUcWNZkO39DdWRamS0blix576wW9vMh1CXt7g=="],

    "@codingame/monaco-vscode-standalone-css-language-features": ["@codingame/monaco-vscode-standalone-css-language-features@31.0.1", "", { "dependencies": { "monaco-editor": "npm:@codingame/monaco-vscode-editor-api@31.0.1", "vscode-css-languageservice": "6.2.14", "vscode-languageserver-textdocument": "1.0.12", "vscode-languageserver-types": "3.17.5" } }, "sha512-N5IXGzq0DnpnPPnMfC2g8hCv4lh1jVf0umM25uZaQ8vljKOyMlNOg3vVqOFYnT1OgGPCchoQhflNkC/v8bqNPA=="],

    "@codingame/monaco-vscode-standalone-html-language-features": ["@codingame/monaco-vscode-standalone-html-language-features@31.0.1", "", { "dependencies": { "monaco-editor": "npm:@codingame/monaco-vscode-editor-api@31.0.1", "vscode-html-languageservice": "5.2.0", "vscode-languageserver-textdocument": "1.0.12", "vscode-languageserver-types": "3.17.5" } }, "sha512-0otrnIemKcjN8atVWLKm/PO4mwEwLDCSzqErmOMlWFSairAPgDrd1l/AOqp1jgp7e7NkhrOTTQwLHI1XUa+Grg=="],

    "@codingame/monaco-vscode-standalone-json-language-features": ["@codingame/monaco-vscode-standalone-json-language-features@31.0.1", "", { "dependencies": { "jsonc-parser": "3.3.1", "monaco-editor": "npm:@codingame/monaco-vscode-editor-api@31.0.1", "vscode-json-languageservice": "5.3.11", "vscode-languageserver-textdocument": "1.0.12", "vscode-languageserver-types": "3.17.5", "vscode-uri": "3.0.8" } }, "sha512-7QowD94JeJwHwVuMRNXAdQgPzu/RkI1de6Adz4VN1SIQy243o7BDhkH07worQJXUqLPKW8adSB3MMYhTdWpfEA=="],

    "@codingame/monaco-vscode-standalone-typescript-language-features": ["@codingame/monaco-vscode-standalone-typescript-language-features@31.0.1", "", { "dependencies": { "monaco-editor": "npm:@codingame/monaco-vscode-editor-api@31.0.1" } }, "sha512-8BvgLjWjNmXR5AVFMSWKI9mJ3mj+xlxLnNWYj/kZKQoA1yes0PKG9hwrePYKcOCf31A3G21VYA+VWPoxpzfPfQ=="],

    "@codingame/monaco-vscode-swift-default-extension": ["@codingame/monaco-vscode-swift-default-extension@31.0.1", "", { "dependencies": { "@codingame/monaco-vscode-api": "31.0.1" } }, "sha512-CrD4BzO6oGU4LckOd41/7KbMasHtP7lHL/d+EXN7ymbvWpeSjXgx4EJ1vT7sIW6XggIlcYOi4TOwJpLimD2YCg=="],

    "@codingame/monaco-vscode-textmate-service-override": ["@codingame/monaco-vscode-textmate-service-override@31.0.1", "", { "dependencies": { "@codingame/monaco-vscode-api": "31.0.1", "@codingame/monaco-vscode-files-service-override": "31.0.1" } }, "sha512-mEifjtkqJggKLNTvM09NgXPqnHwL72OlO0NcveVZHzwL0MD7JasNaitsIQyorNkbX+cI8y1UJVAHcCjNkqXVDA=="],

    "@codingame/monaco-vscode-theme-defaults-default-extension": ["@codingame/monaco-vscode-theme-defaults-default-extension@31.0.1", "", { "dependencies": { "@codingame/monaco-vscode-api": "31.0.1" } }, "sha512-AzNtspCshfRnJ7Pg8K/NbAPFTQT2MBXhWvlBWFdWidDPJGOXrfyjNZegFOx/FceRzsyg7dVP95F7Sp9Vsfy5/w=="],

    "@codingame/monaco-vscode-theme-service-override": ["@codingame/monaco-vscode-theme-service-override@31.0.1", "", { "dependencies": { "@codingame/monaco-vscode-api": "31.0.1", "@codingame/monaco-vscode-files-service-override": "31.0.1" } }, "sha512-uB9EL/OAKhL6MtzI2LqxkGRwvRpB9znnlN7yTm3Z3HmxmRPzTA1PuChjLM5tiwU+PFk8ECmi6Ug6YN08wI39hA=="],

    "@codingame/monaco-vscode-typescript-basics-default-extension": ["@codingame/monaco-vscode-typescript-basics-default-extension@31.0.1", "", { "dependencies": { "@codingame/monaco-vscode-api": "31.0.1" } }, "sha512-Lef3BtfOwd3qw2g5Rx25wojyREMVE+1K1chSgpUymJUwCXRHWkEZHBdejwAm2uWgLqiltPkQrE5lo3AvwN7I2Q=="],

    "@codingame/monaco-vscode-vb-default-extension": ["@codingame/monaco-vscode-vb-default-extension@31.0.1", "", { "dependencies": { "@codingame/monaco-vscode-api": "31.0.1" } }, "sha512-6qTi1dZBhoKAnIZRBwi+4FBUa0SwU7ZP6OLAStXqiNTxXh8/DULP5EL2G+PJsYNHAPC2lX/x9erGFPc6m1ZCOQ=="],

    "@codingame/monaco-vscode-xml-default-extension": ["@codingame/monaco-vscode-xml-default-extension@31.0.1", "", { "dependencies": { "@codingame/monaco-vscode-api": "31.0.1" } }, "sha512-/Xa4+8qq1+xpIwZG1kZIFs3IBbXc6YJjEou1cnQFGg3Zz22dg+8sFLUGLHBPgW4Unzy9fl5BuA22rOXWDj7Qvw=="],

    "@codingame/monaco-vscode-yaml-default-extension": ["@codingame/monaco-vscode-yaml-default-extension@31.0.1", "", { "dependencies": { "@codingame/monaco-vscode-api": "31.0.1" } }, "sha512-CV3mOPP6xZecXxEBOAk7OdiWeP3BfUxklA8DIagn6z73qz30BqaXi8h+2yE3vsLniMsQZfP/hGnsvq6YG35Xpg=="],

    "@emnapi/core": ["@emnapi/core@1.9.2", "", { "dependencies": { "@emnapi/wasi-threads": "1.2.1", "tslib": "^2.4.0" } }, "sha512-UC+ZhH3XtczQYfOlu3lNEkdW/p4dsJ1r/bP7H8+rhao3TTTMO1ATq/4DdIi23XuGoFY+Cz0JmCbdVl0hz9jZcA=="],

    "@emnapi/runtime": ["@emnapi/runtime@1.9.2", "", { "dependencies": { "tslib": "^2.4.0" } }, "sha512-3U4+MIWHImeyu1wnmVygh5WlgfYDtyf0k8AbLhMFxOipihf6nrWC4syIm/SwEeec0mNSafiiNnMJwbza/Is6Lw=="],

    "@emnapi/wasi-threads": ["@emnapi/wasi-threads@1.2.1", "", { "dependencies": { "tslib": "^2.4.0" } }, "sha512-uTII7OYF+/Mes/MrcIOYp5yOtSMLBWSIoLPpcgwipoiKbli6k322tcoFsxoIIxPDqW01SQGAgko4EzZi2BNv2w=="],

    "@napi-rs/wasm-runtime": ["@napi-rs/wasm-runtime@1.1.3", "", { "dependencies": { "@tybys/wasm-util": "^0.10.1" }, "peerDependencies": { "@emnapi/core": "^1.7.1", "@emnapi/runtime": "^1.7.1" } }, "sha512-xK9sGVbJWYb08+mTJt3/YV24WxvxpXcXtP6B172paPZ+Ts69Re9dAr7lKwJoeIx8OoeuimEiRZ7umkiUVClmmQ=="],

    "@oxc-project/types": ["@oxc-project/types@0.124.0", "", {}, "sha512-VBFWMTBvHxS11Z5Lvlr3IWgrwhMTXV+Md+EQF0Xf60+wAdsGFTBx7X7K/hP4pi8N7dcm1RvcHwDxZ16Qx8keUg=="],

    "@rolldown/binding-android-arm64": ["@rolldown/binding-android-arm64@1.0.0-rc.15", "", { "os": "android", "cpu": "arm64" }, "sha512-YYe6aWruPZDtHNpwu7+qAHEMbQ/yRl6atqb/AhznLTnD3UY99Q1jE7ihLSahNWkF4EqRPVC4SiR4O0UkLK02tA=="],

    "@rolldown/binding-darwin-arm64": ["@rolldown/binding-darwin-arm64@1.0.0-rc.15", "", { "os": "darwin", "cpu": "arm64" }, "sha512-oArR/ig8wNTPYsXL+Mzhs0oxhxfuHRfG7Ikw7jXsw8mYOtk71W0OkF2VEVh699pdmzjPQsTjlD1JIOoHkLP1Fg=="],

    "@rolldown/binding-darwin-x64": ["@rolldown/binding-darwin-x64@1.0.0-rc.15", "", { "os": "darwin", "cpu": "x64" }, "sha512-YzeVqOqjPYvUbJSWJ4EDL8ahbmsIXQpgL3JVipmN+MX0XnXMeWomLN3Fb+nwCmP/jfyqte5I3XRSm7OfQrbyxw=="],

    "@rolldown/binding-freebsd-x64": ["@rolldown/binding-freebsd-x64@1.0.0-rc.15", "", { "os": "freebsd", "cpu": "x64" }, "sha512-9Erhx956jeQ0nNTyif1+QWAXDRD38ZNjr//bSHrt6wDwB+QkAfl2q6Mn1k6OBPerznjRmbM10lgRb1Pli4xZPw=="],

    "@rolldown/binding-linux-arm-gnueabihf": ["@rolldown/binding-linux-arm-gnueabihf@1.0.0-rc.15", "", { "os": "linux", "cpu": "arm" }, "sha512-cVwk0w8QbZJGTnP/AHQBs5yNwmpgGYStL88t4UIaqcvYJWBfS0s3oqVLZPwsPU6M0zlW4GqjP0Zq5MnAGwFeGA=="],

    "@rolldown/binding-linux-arm64-gnu": ["@rolldown/binding-linux-arm64-gnu@1.0.0-rc.15", "", { "os": "linux", "cpu": "arm64" }, "sha512-eBZ/u8iAK9SoHGanqe/jrPnY0JvBN6iXbVOsbO38mbz+ZJsaobExAm1Iu+rxa4S1l2FjG0qEZn4Rc6X8n+9M+w=="],

    "@rolldown/binding-linux-arm64-musl": ["@rolldown/binding-linux-arm64-musl@1.0.0-rc.15", "", { "os": "linux", "cpu": "arm64" }, "sha512-ZvRYMGrAklV9PEkgt4LQM6MjQX2P58HPAuecwYObY2DhS2t35R0I810bKi0wmaYORt6m/2Sm+Z+nFgb0WhXNcQ=="],

    "@rolldown/binding-linux-ppc64-gnu": ["@rolldown/binding-linux-ppc64-gnu@1.0.0-rc.15", "", { "os": "linux", "cpu": "ppc64" }, "sha512-VDpgGBzgfg5hLg+uBpCLoFG5kVvEyafmfxGUV0UHLcL5irxAK7PKNeC2MwClgk6ZAiNhmo9FLhRYgvMmedLtnQ=="],

    "@rolldown/binding-linux-s390x-gnu": ["@rolldown/binding-linux-s390x-gnu@1.0.0-rc.15", "", { "os": "linux", "cpu": "s390x" }, "sha512-y1uXY3qQWCzcPgRJATPSOUP4tCemh4uBdY7e3EZbVwCJTY3gLJWnQABgeUetvED+bt1FQ01OeZwvhLS2bpNrAQ=="],

    "@rolldown/binding-linux-x64-gnu": ["@rolldown/binding-linux-x64-gnu@1.0.0-rc.15", "", { "os": "linux", "cpu": "x64" }, "sha512-023bTPBod7J3Y/4fzAN6QtpkSABR0rigtrwaP+qSEabUh5zf6ELr9Nc7GujaROuPY3uwdSIXWrvhn1KxOvurWA=="],

    "@rolldown/binding-linux-x64-musl": ["@rolldown/binding-linux-x64-musl@1.0.0-rc.15", "", { "os": "linux", "cpu": "x64" }, "sha512-witB2O0/hU4CgfOOKUoeFgQ4GktPi1eEbAhaLAIpgD6+ZnhcPkUtPsoKKHRzmOoWPZue46IThdSgdo4XneOLYw=="],

    "@rolldown/binding-openharmony-arm64": ["@rolldown/binding-openharmony-arm64@1.0.0-rc.15", "", { "os": "none", "cpu": "arm64" }, "sha512-UCL68NJ0Ud5zRipXZE9dF5PmirzJE4E4BCIOOssEnM7wLDsxjc6Qb0sGDxTNRTP53I6MZpygyCpY8Aa8sPfKPg=="],

    "@rolldown/binding-wasm32-wasi": ["@rolldown/binding-wasm32-wasi@1.0.0-rc.15", "", { "dependencies": { "@emnapi/core": "1.9.2", "@emnapi/runtime": "1.9.2", "@napi-rs/wasm-runtime": "^1.1.3" }, "cpu": "none" }, "sha512-ApLruZq/ig+nhaE7OJm4lDjayUnOHVUa77zGeqnqZ9pn0ovdVbbNPerVibLXDmWeUZXjIYIT8V3xkT58Rm9u5Q=="],

    "@rolldown/binding-win32-arm64-msvc": ["@rolldown/binding-win32-arm64-msvc@1.0.0-rc.15", "", { "os": "win32", "cpu": "arm64" }, "sha512-KmoUoU7HnN+Si5YWJigfTws1jz1bKBYDQKdbLspz0UaqjjFkddHsqorgiW1mxcAj88lYUE6NC/zJNwT+SloqtA=="],

    "@rolldown/binding-win32-x64-msvc": ["@rolldown/binding-win32-x64-msvc@1.0.0-rc.15", "", { "os": "win32", "cpu": "x64" }, "sha512-3P2A8L+x75qavWLe/Dll3EYBJLQmtkJN8rfh+U/eR3MqMgL/h98PhYI+JFfXuDPgPeCB7iZAKiqii5vqOvnA0g=="],

    "@rolldown/pluginutils": ["@rolldown/pluginutils@1.0.0-rc.15", "", {}, "sha512-UromN0peaE53IaBRe9W7CjrZgXl90fqGpK+mIZbA3qSTeYqg3pqpROBdIPvOG3F5ereDHNwoHBI2e50n1BDr1g=="],

    "@tybys/wasm-util": ["@tybys/wasm-util@0.10.1", "", { "dependencies": { "tslib": "^2.4.0" } }, "sha512-9tTaPJLSiejZKx+Bmog4uSubteqTvFrVrURwkmHixBo0G4seD0zUxp98E1DzUBJxLQ3NPwXrGKDiVjwx/DpPsg=="],

    "@types/trusted-types": ["@types/trusted-types@2.0.7", "", {}, "sha512-ScaPdn1dQczgbl0QFTeTOmVHFULt394XJgOQNoyVhZ6r2vLnMLJfBPd53SB52T/3G36VI1/g2MZaX0cwDuXsfw=="],

    "@vscode/iconv-lite-umd": ["@vscode/iconv-lite-umd@0.7.1", "", {}, "sha512-tK6k0DXFHW7q5+GGuGZO+phpAqpxO4WXl+BLc/8/uOk3RsM2ssAL3CQUQDb1TGfwltjsauhN6S4ghYZzs4sPFw=="],

    "@vscode/l10n": ["@vscode/l10n@0.0.18", "", {}, "sha512-KYSIHVmslkaCDyw013pphY+d7x1qV8IZupYfeIfzNA+nsaWHbn5uPuQRvdRFsa9zFzGeudPuoGoZ1Op4jrJXIQ=="],

    "detect-libc": ["detect-libc@2.1.2", "", {}, "sha512-Btj2BOOO83o3WyH59e8MgXsxEQVcarkUOpEYrubB0urwnN10yQ364rsiByU11nZlqWYZm05i/of7io4mzihBtQ=="],

    "dompurify": ["dompurify@3.4.1", "", { "optionalDependencies": { "@types/trusted-types": "^2.0.7" } }, "sha512-JahakDAIg1gyOm7dlgWSDjV4n7Ip2PKR55NIT6jrMfIgLFgWo81vdr1/QGqWtFNRqXP9UV71oVePtjqS2ebnPw=="],

    "fdir": ["fdir@6.5.0", "", { "peerDependencies": { "picomatch": "^3 || ^4" } }, "sha512-tIbYtZbucOs0BRGqPJkshJUYdL+SDH7dVM8gjy+ERp3WAUjLEFJE+02kanyHtwjWOnwrKYBiwAmM0p4kLJAnXg=="],

    "fsevents": ["fsevents@2.3.3", "", { "os": "darwin" }, "sha512-5xoDfX+fL7faATnagmWPpbFtwh/R77WmMMqqHGS65C3vvB0YHrgF+B1YmZ3441tMj5n63k0212XNoJwzlhffQw=="],

    "jschardet": ["jschardet@3.1.4", "", {}, "sha512-/kmVISmrwVwtyYU40iQUOp3SUPk2dhNCMsZBQX0R1/jZ8maaXJ/oZIzUOiyOqcgtLnETFKYChbJ5iDC/eWmFHg=="],

    "jsonc-parser": ["jsonc-parser@3.3.1", "", {}, "sha512-HUgH65KyejrUFPvHFPbqOY0rsFip3Bo5wb4ngvdi1EpCYWUQDC5V+Y7mZws+DLkr4M//zQJoanu1SP+87Dv1oQ=="],

    "lightningcss": ["lightningcss@1.32.0", "", { "dependencies": { "detect-libc": "^2.0.3" }, "optionalDependencies": { "lightningcss-android-arm64": "1.32.0", "lightningcss-darwin-arm64": "1.32.0", "lightningcss-darwin-x64": "1.32.0", "lightningcss-freebsd-x64": "1.32.0", "lightningcss-linux-arm-gnueabihf": "1.32.0", "lightningcss-linux-arm64-gnu": "1.32.0", "lightningcss-linux-arm64-musl": "1.32.0", "lightningcss-linux-x64-gnu": "1.32.0", "lightningcss-linux-x64-musl": "1.32.0", "lightningcss-win32-arm64-msvc": "1.32.0", "lightningcss-win32-x64-msvc": "1.32.0" } }, "sha512-NXYBzinNrblfraPGyrbPoD19C1h9lfI/1mzgWYvXUTe414Gz/X1FD2XBZSZM7rRTrMA8JL3OtAaGifrIKhQ5yQ=="],

    "lightningcss-android-arm64": ["lightningcss-android-arm64@1.32.0", "", { "os": "android", "cpu": "arm64" }, "sha512-YK7/ClTt4kAK0vo6w3X+Pnm0D2cf2vPHbhOXdoNti1Ga0al1P4TBZhwjATvjNwLEBCnKvjJc2jQgHXH0NEwlAg=="],

    "lightningcss-darwin-arm64": ["lightningcss-darwin-arm64@1.32.0", "", { "os": "darwin", "cpu": "arm64" }, "sha512-RzeG9Ju5bag2Bv1/lwlVJvBE3q6TtXskdZLLCyfg5pt+HLz9BqlICO7LZM7VHNTTn/5PRhHFBSjk5lc4cmscPQ=="],

    "lightningcss-darwin-x64": ["lightningcss-darwin-x64@1.32.0", "", { "os": "darwin", "cpu": "x64" }, "sha512-U+QsBp2m/s2wqpUYT/6wnlagdZbtZdndSmut/NJqlCcMLTWp5muCrID+K5UJ6jqD2BFshejCYXniPDbNh73V8w=="],

    "lightningcss-freebsd-x64": ["lightningcss-freebsd-x64@1.32.0", "", { "os": "freebsd", "cpu": "x64" }, "sha512-JCTigedEksZk3tHTTthnMdVfGf61Fky8Ji2E4YjUTEQX14xiy/lTzXnu1vwiZe3bYe0q+SpsSH/CTeDXK6WHig=="],

    "lightningcss-linux-arm-gnueabihf": ["lightningcss-linux-arm-gnueabihf@1.32.0", "", { "os": "linux", "cpu": "arm" }, "sha512-x6rnnpRa2GL0zQOkt6rts3YDPzduLpWvwAF6EMhXFVZXD4tPrBkEFqzGowzCsIWsPjqSK+tyNEODUBXeeVHSkw=="],

    "lightningcss-linux-arm64-gnu": ["lightningcss-linux-arm64-gnu@1.32.0", "", { "os": "linux", "cpu": "arm64" }, "sha512-0nnMyoyOLRJXfbMOilaSRcLH3Jw5z9HDNGfT/gwCPgaDjnx0i8w7vBzFLFR1f6CMLKF8gVbebmkUN3fa/kQJpQ=="],

    "lightningcss-linux-arm64-musl": ["lightningcss-linux-arm64-musl@1.32.0", "", { "os": "linux", "cpu": "arm64" }, "sha512-UpQkoenr4UJEzgVIYpI80lDFvRmPVg6oqboNHfoH4CQIfNA+HOrZ7Mo7KZP02dC6LjghPQJeBsvXhJod/wnIBg=="],

    "lightningcss-linux-x64-gnu": ["lightningcss-linux-x64-gnu@1.32.0", "", { "os": "linux", "cpu": "x64" }, "sha512-V7Qr52IhZmdKPVr+Vtw8o+WLsQJYCTd8loIfpDaMRWGUZfBOYEJeyJIkqGIDMZPwPx24pUMfwSxxI8phr/MbOA=="],

    "lightningcss-linux-x64-musl": ["lightningcss-linux-x64-musl@1.32.0", "", { "os": "linux", "cpu": "x64" }, "sha512-bYcLp+Vb0awsiXg/80uCRezCYHNg1/l3mt0gzHnWV9XP1W5sKa5/TCdGWaR/zBM2PeF/HbsQv/j2URNOiVuxWg=="],

    "lightningcss-win32-arm64-msvc": ["lightningcss-win32-arm64-msvc@1.32.0", "", { "os": "win32", "cpu": "arm64" }, "sha512-8SbC8BR40pS6baCM8sbtYDSwEVQd4JlFTOlaD3gWGHfThTcABnNDBda6eTZeqbofalIJhFx0qKzgHJmcPTnGdw=="],

    "lightningcss-win32-x64-msvc": ["lightningcss-win32-x64-msvc@1.32.0", "", { "os": "win32", "cpu": "x64" }, "sha512-Amq9B/SoZYdDi1kFrojnoqPLxYhQ4Wo5XiL8EVJrVsB8ARoC1PWW6VGtT0WKCemjy8aC+louJnjS7U18x3b06Q=="],

    "marked": ["marked@14.0.0", "", { "bin": "bin/marked.js" }, "sha512-uIj4+faQ+MgHgwUW1l2PsPglZLOLOT1uErt06dAPtx2kjteLAkbsd/0FiYg/MGS+i7ZKLb7w2WClxHkzOOuryQ=="],

    "monaco-editor": ["@codingame/monaco-vscode-editor-api@31.0.1", "", { "dependencies": { "@codingame/monaco-vscode-api": "31.0.1" } }, "sha512-fM8fMfIdKXNNDN4mJ5JodFn0GqU+yGZn2dpNy+4UXg/kgoXuxse91iEAF6LN9cXq1DVYX/JZxBqM+BlknPV0Cg=="],

    "nanoid": ["nanoid@3.3.11", "", { "bin": "bin/nanoid.cjs" }, "sha512-N8SpfPUnUp1bK+PMYW8qSWdl9U+wwNWI4QKxOYDy9JAro3WMX7p2OeVRF9v+347pnakNevPmiHhNmZ2HbFA76w=="],

    "picocolors": ["picocolors@1.1.1", "", {}, "sha512-xceH2snhtb5M9liqDsmEw56le376mTZkEX/jEb/RxNFyegNul7eNslCXP9FDj/Lcu0X8KEyMceP2ntpaHrDEVA=="],

    "picomatch": ["picomatch@4.0.4", "", {}, "sha512-QP88BAKvMam/3NxH6vj2o21R6MjxZUAd6nlwAS/pnGvN9IVLocLHxGYIzFhg6fUQ+5th6P4dv4eW9jX3DSIj7A=="],

    "postcss": ["postcss@8.5.9", "", { "dependencies": { "nanoid": "^3.3.11", "picocolors": "^1.1.1", "source-map-js": "^1.2.1" } }, "sha512-7a70Nsot+EMX9fFU3064K/kdHWZqGVY+BADLyXc8Dfv+mTLLVl6JzJpPaCZ2kQL9gIJvKXSLMHhqdRRjwQeFtw=="],

    "rolldown": ["rolldown@1.0.0-rc.15", "", { "dependencies": { "@oxc-project/types": "=0.124.0", "@rolldown/pluginutils": "1.0.0-rc.15" }, "optionalDependencies": { "@rolldown/binding-android-arm64": "1.0.0-rc.15", "@rolldown/binding-darwin-arm64": "1.0.0-rc.15", "@rolldown/binding-darwin-x64": "1.0.0-rc.15", "@rolldown/binding-freebsd-x64": "1.0.0-rc.15", "@rolldown/binding-linux-arm-gnueabihf": "1.0.0-rc.15", "@rolldown/binding-linux-arm64-gnu": "1.0.0-rc.15", "@rolldown/binding-linux-arm64-musl": "1.0.0-rc.15", "@rolldown/binding-linux-ppc64-gnu": "1.0.0-rc.15", "@rolldown/binding-linux-s390x-gnu": "1.0.0-rc.15", "@rolldown/binding-linux-x64-gnu": "1.0.0-rc.15", "@rolldown/binding-linux-x64-musl": "1.0.0-rc.15", "@rolldown/binding-openharmony-arm64": "1.0.0-rc.15", "@rolldown/binding-wasm32-wasi": "1.0.0-rc.15", "@rolldown/binding-win32-arm64-msvc": "1.0.0-rc.15", "@rolldown/binding-win32-x64-msvc": "1.0.0-rc.15" }, "bin": { "rolldown": "bin/cli.mjs" } }, "sha512-Ff31guA5zT6WjnGp0SXw76X6hzGRk/OQq2hE+1lcDe+lJdHSgnSX6nK3erbONHyCbpSj9a9E+uX/OvytZoWp2g=="],

    "source-map-js": ["source-map-js@1.2.1", "", {}, "sha512-UXWMKhLOwVKb728IUtQPXxfYU+usdybtUrK/8uGE8CQMvrhOpwvzDBwj0QhSL7MQc7vIsISBG8VQ8+IDQxpfQA=="],

    "tinyglobby": ["tinyglobby@0.2.16", "", { "dependencies": { "fdir": "^6.5.0", "picomatch": "^4.0.4" } }, "sha512-pn99VhoACYR8nFHhxqix+uvsbXineAasWm5ojXoN8xEwK5Kd3/TrhNn1wByuD52UxWRLy8pu+kRMniEi6Eq9Zg=="],

    "tslib": ["tslib@2.8.1", "", {}, "sha512-oJFu94HQb+KVduSUQL7wnpmqnfmLsOA/nAh6b6EH0wCEoK0/mPeXU6c3wKDV83MkOuHPRHtSXKKU99IBazS/2w=="],

    "vite": ["vite@8.0.8", "", { "dependencies": { "lightningcss": "^1.32.0", "picomatch": "^4.0.4", "postcss": "^8.5.8", "rolldown": "1.0.0-rc.15", "tinyglobby": "^0.2.15" }, "optionalDependencies": { "fsevents": "~2.3.3" }, "peerDependencies": { "@types/node": "^20.19.0 || >=22.12.0", "@vitejs/devtools": "^0.1.0", "esbuild": "^0.27.0 || ^0.28.0", "jiti": ">=1.21.0", "less": "^4.0.0", "sass": "^1.70.0", "sass-embedded": "^1.70.0", "stylus": ">=0.54.8", "sugarss": "^5.0.0", "terser": "^5.16.0", "tsx": "^4.8.1", "yaml": "^2.4.2" }, "optionalPeers": ["@types/node", "@vitejs/devtools", "esbuild", "jiti", "less", "sass", "sass-embedded", "stylus", "sugarss", "terser", "tsx", "yaml"], "bin": { "vite": "bin/vite.js" } }, "sha512-dbU7/iLVa8KZALJyLOBOQ88nOXtNG8vxKuOT4I2mD+Ya70KPceF4IAmDsmU0h1Qsn5bPrvsY9HJstCRh3hG6Uw=="],

    "vscode-css-languageservice": ["vscode-css-languageservice@6.2.14", "", { "dependencies": { "@vscode/l10n": "^0.0.18", "vscode-languageserver-textdocument": "^1.0.11", "vscode-languageserver-types": "3.17.5", "vscode-uri": "^3.0.8" } }, "sha512-5UPQ9Y1sUTnuMyaMBpO7LrBkqjhEJb5eAwdUlDp+Uez8lry+Tspnk3+3p2qWS4LlNsr4p3v9WkZxUf1ltgFpgw=="],

    "vscode-html-languageservice": ["vscode-html-languageservice@5.2.0", "", { "dependencies": { "@vscode/l10n": "^0.0.18", "vscode-languageserver-textdocument": "^1.0.11", "vscode-languageserver-types": "^3.17.5", "vscode-uri": "^3.0.8" } }, "sha512-cdNMhyw57/SQzgUUGSIMQ66jikqEN6nBNyhx5YuOyj9310+eY9zw8Q0cXpiKzDX8aHYFewQEXRnigl06j/TVwQ=="],

    "vscode-json-languageservice": ["vscode-json-languageservice@5.3.11", "", { "dependencies": { "@vscode/l10n": "^0.0.18", "jsonc-parser": "^3.2.1", "vscode-languageserver-textdocument": "^1.0.11", "vscode-languageserver-types": "^3.17.5", "vscode-uri": "^3.0.8" } }, "sha512-WYS72Ymria3dn8ZbjtBbt5K71m05wY1Q6hpXV5JxUT0q75Ts0ljLmnZJAVpx8DjPgYbFD+Z8KHpWh2laKLUCtQ=="],

    "vscode-languageserver-textdocument": ["vscode-languageserver-textdocument@1.0.12", "", {}, "sha512-cxWNPesCnQCcMPeenjKKsOCKQZ/L6Tv19DTRIGuLWe32lyzWhihGVJ/rcckZXJxfdKCFvRLS3fpBIsV/ZGX4zA=="],

    "vscode-languageserver-types": ["vscode-languageserver-types@3.17.5", "", {}, "sha512-Ld1VelNuX9pdF39h2Hgaeb5hEZM2Z3jUrrMgWQAu82jMtZp7p3vJT3BzToKtZI7NgQssZje5o0zryOrhQvzQAg=="],

    "vscode-uri": ["vscode-uri@3.0.8", "", {}, "sha512-AyFQ0EVmsOZOlAnxoFOGOq1SQDWAB7C6aqMGS23svWAllfOaxbuFvcT8D1i8z3Gyn8fraVeZNNmN6e9bxxXkKw=="],
  }
}
